// !$*UTF8*$!
{
	archiveVersion = 1;
	classes = {
	};
	objectVersion = 42;
	objects = {

/* Begin PBXAggregateTarget section */
		DC25E1D00990C4E200545F27 /* TEST */ = {
			isa = PBXAggregateTarget;
			buildConfigurationList = DC25E1D60990C51D00545F27 /* Build configuration list for PBXAggregateTarget "TEST" */;
			buildPhases = (
				DC25E1D10990C4ED00545F27 /* ShellScript */,
			);
			dependencies = (
			);
			name = TEST;
			productName = TEST;
		};
		DC81B1260887DAD200943C99 /* Install iTeXMac2 */ = {
			isa = PBXAggregateTarget;
			buildConfigurationList = DC6BB76909474610004B0A81 /* Build configuration list for PBXAggregateTarget "Install iTeXMac2" */;
			buildPhases = (
				DC81B1280887DAD200943C99 /* Install in build/ */,
			);
			dependencies = (
				DC81B12D0887DAEC00943C99 /* PBXTargetDependency */,
			);
			name = "Install iTeXMac2";
			productName = All;
		};
		DC81D83008840CF60086F2EB /* All */ = {
			isa = PBXAggregateTarget;
			buildConfigurationList = DC6BB77909474610004B0A81 /* Build configuration list for PBXAggregateTarget "All" */;
			buildPhases = (
				DC81D83508840CF60086F2EB /* ls iTeXMac2.app contents */,
			);
			dependencies = (
				DC8A6101088D79940016FAA2 /* PBXTargetDependency */,
				DC81B2A40888589800943C99 /* PBXTargetDependency */,
			);
			name = All;
			productName = All;
		};
/* End PBXAggregateTarget section */

/* Begin PBXBuildFile section */
		8D15AC340486D014006FF6A4 /* Cocoa.framework in Frameworks */ = {isa = PBXBuildFile; fileRef = 1058C7A7FEA54F5311CA2CBB /* Cocoa.framework */; };
		DC01A94208FE776600BFF6EF /* iTM2PDFKit.framework in Frameworks */ = {isa = PBXBuildFile; fileRef = DC01A94108FE776600BFF6EF /* iTM2PDFKit.framework */; };
		DC01A94D08FE777A00BFF6EF /* iTM2PDFKit.framework in Copy Frameworks */ = {isa = PBXBuildFile; fileRef = DC01A94108FE776600BFF6EF /* iTM2PDFKit.framework */; };
		DC0D4EFE0AD6C6400024D73F /* HDCrashReporter.framework in Frameworks */ = {isa = PBXBuildFile; fileRef = DC0D4EF90AD6C63F0024D73F /* HDCrashReporter.framework */; };
		DC1C6D10090E1C96000F4FDE /* iTM2NewDocumentKit.framework in Frameworks */ = {isa = PBXBuildFile; fileRef = DC1C6D0F090E1C96000F4FDE /* iTM2NewDocumentKit.framework */; };
		DC1C6D12090E1CA5000F4FDE /* iTM2NewDocumentKit.framework in Copy Frameworks */ = {isa = PBXBuildFile; fileRef = DC1C6D0F090E1C96000F4FDE /* iTM2NewDocumentKit.framework */; };
		DC27432D090CF64400C2D1D2 /* iTM2LaTeXKit.framework in Frameworks */ = {isa = PBXBuildFile; fileRef = DC27432C090CF64400C2D1D2 /* iTM2LaTeXKit.framework */; };
		DC274355090CFED900C2D1D2 /* iTM2LaTeXKit.framework in Copy Frameworks */ = {isa = PBXBuildFile; fileRef = DC27432C090CF64400C2D1D2 /* iTM2LaTeXKit.framework */; };
		DC43E3C809344DBA003C3C86 /* iTM2ConTeXtKit.framework in Frameworks */ = {isa = PBXBuildFile; fileRef = DC43E3C709344DBA003C3C86 /* iTM2ConTeXtKit.framework */; };
		DC43E3C909344DCA003C3C86 /* iTM2ConTeXtKit.framework in Copy Frameworks */ = {isa = PBXBuildFile; fileRef = DC43E3C709344DBA003C3C86 /* iTM2ConTeXtKit.framework */; };
		DC6D48FB091C1B7600539664 /* AppleScriptKit.framework in Frameworks */ = {isa = PBXBuildFile; fileRef = DC6D48FA091C1B7600539664 /* AppleScriptKit.framework */; };
		DC781BAF07F9B8DB00FCD972 /* iTM2WindowsMenuKit.m in Sources */ = {isa = PBXBuildFile; fileRef = DC781BAD07F9B8DA00FCD972 /* iTM2WindowsMenuKit.m */; };
		DC7E483B0AD6D7D000202CF2 /* HDCrashReporter.framework in Frameworks */ = {isa = PBXBuildFile; fileRef = DC7E483A0AD6D7D000202CF2 /* HDCrashReporter.framework */; };
		DC7E4C1D0AD6D7F300202CF2 /* HDCrashReporter.framework in Copy Frameworks */ = {isa = PBXBuildFile; fileRef = DC0D4EF90AD6C63F0024D73F /* HDCrashReporter.framework */; };
		DC89306C08FC2DDA007A4673 /* iTM2MetaPostKit.framework in Frameworks */ = {isa = PBXBuildFile; fileRef = DC89306B08FC2DD9007A4673 /* iTM2MetaPostKit.framework */; };
		DC89307008FC2DED007A4673 /* iTM2MetaPostKit.framework in Copy Frameworks */ = {isa = PBXBuildFile; fileRef = DC89306B08FC2DD9007A4673 /* iTM2MetaPostKit.framework */; };
		DC8A6186088D7C580016FAA2 /* iTM2Foundation.framework in Frameworks */ = {isa = PBXBuildFile; fileRef = DC8A6184088D7C580016FAA2 /* iTM2Foundation.framework */; };
		DC8A6187088D7C580016FAA2 /* iTM2TeXFoundation.framework in Frameworks */ = {isa = PBXBuildFile; fileRef = DC8A6185088D7C580016FAA2 /* iTM2TeXFoundation.framework */; };
		DC8A635E088D917D0016FAA2 /* iTM2Foundation.framework in Copy Frameworks */ = {isa = PBXBuildFile; fileRef = DC8A6184088D7C580016FAA2 /* iTM2Foundation.framework */; };
		DC8A635F088D917D0016FAA2 /* iTM2TeXFoundation.framework in Copy Frameworks */ = {isa = PBXBuildFile; fileRef = DC8A6185088D7C580016FAA2 /* iTM2TeXFoundation.framework */; };
		DCA37D7E0AE391AD00874F9E /* iTM2HelpSupport.m in Sources */ = {isa = PBXBuildFile; fileRef = DCA37D7C0AE391AD00874F9E /* iTM2HelpSupport.m */; };
		DCA37D7F0AE391AD00874F9E /* iTM2HelpSupport.h in Copy Frameworks */ = {isa = PBXBuildFile; fileRef = DCA37D7D0AE391AD00874F9E /* iTM2HelpSupport.h */; };
		DCA37DC10AE3939100874F9E /* AddressBook.framework in Frameworks */ = {isa = PBXBuildFile; fileRef = DCA37DA60AE3939100874F9E /* AddressBook.framework */; };
		DCA37DC20AE3939100874F9E /* Message.framework in Frameworks */ = {isa = PBXBuildFile; fileRef = DCA37DA70AE3939100874F9E /* Message.framework */; };
		DCB7543808EDA67300A6819D /* OgreKit.framework in Frameworks */ = {isa = PBXBuildFile; fileRef = DCB7543708EDA67300A6819D /* OgreKit.framework */; };
		DCB93A7907D701AF005E5B38 /* iTeXMac2-main.m in Sources */ = {isa = PBXBuildFile; fileRef = DCB93A6D07D701AF005E5B38 /* iTeXMac2-main.m */; };
		DCB93A8607D702A5005E5B38 /* iTM2StartupDocument.m in Sources */ = {isa = PBXBuildFile; fileRef = DCB93A8407D702A5005E5B38 /* iTM2StartupDocument.m */; };
		DCCE70A7091B58D200960441 /* iTM2AppleScriptSupport.m in Sources */ = {isa = PBXBuildFile; fileRef = DCCE70A5091B58D200960441 /* iTM2AppleScriptSupport.m */; };
		DCE7E7CA08F2712A00DBB513 /* OgreKit.framework in Copy Frameworks */ = {isa = PBXBuildFile; fileRef = DCB7543708EDA67300A6819D /* OgreKit.framework */; };
		DCFD96D40858F4FB0034D83E /* iTeXMac2CMPlugIn.m in Sources */ = {isa = PBXBuildFile; fileRef = DCFFA6CD0855B7C900607AAA /* iTeXMac2CMPlugIn.m */; };
		DCFD96DD0858F5700034D83E /* InfoPlist.strings in Resources */ = {isa = PBXBuildFile; fileRef = DCFFA6C70855B7C900607AAA /* InfoPlist.strings */; };
		DCFD96DE0858F5700034D83E /* Localized.strings in Resources */ = {isa = PBXBuildFile; fileRef = DCFFA6CB0855B7C900607AAA /* Localized.strings */; };
		DCFD96DF0858F57B0034D83E /* Carbon.framework in Frameworks */ = {isa = PBXBuildFile; fileRef = DCB93D2F07D70F95005E5B38 /* Carbon.framework */; };
		DCFD96E00858F57C0034D83E /* Cocoa.framework in Frameworks */ = {isa = PBXBuildFile; fileRef = 1058C7A7FEA54F5311CA2CBB /* Cocoa.framework */; };
/* End PBXBuildFile section */

/* Begin PBXContainerItemProxy section */
		DC0D4ED00AD6C43E0024D73F /* PBXContainerItemProxy */ = {
			isa = PBXContainerItemProxy;
			containerPortal = 2A37F4A9FDCFA73011CA2CEA /* Project object */;
			proxyType = 1;
			remoteGlobalIDString = DC0D4EC70AD6C39C0024D73F;
			remoteInfo = "Prepare HDCrashReporter";
		};
		DC6BC5D50948FCCD008F8188 /* PBXContainerItemProxy */ = {
			isa = PBXContainerItemProxy;
			containerPortal = 2A37F4A9FDCFA73011CA2CEA /* Project object */;
			proxyType = 1;
			remoteGlobalIDString = DC6BC59A0948FB3E008F8188;
			remoteInfo = "Prepare iTM2LaTeXKit";
		};
		DC6BC5DF0948FCFB008F8188 /* PBXContainerItemProxy */ = {
			isa = PBXContainerItemProxy;
			containerPortal = 2A37F4A9FDCFA73011CA2CEA /* Project object */;
			proxyType = 1;
			remoteGlobalIDString = DC6BC5D80948FCEC008F8188;
			remoteInfo = "Prepare iTM2LaTeXKit copy";
		};
		DC6BC5EC0948FD80008F8188 /* PBXContainerItemProxy */ = {
			isa = PBXContainerItemProxy;
			containerPortal = 2A37F4A9FDCFA73011CA2CEA /* Project object */;
			proxyType = 1;
			remoteGlobalIDString = DC6BC5E30948FD59008F8188;
			remoteInfo = "Prepare iTM2NewDocumentKit";
		};
		DC6BC5F70948FDA4008F8188 /* PBXContainerItemProxy */ = {
			isa = PBXContainerItemProxy;
			containerPortal = 2A37F4A9FDCFA73011CA2CEA /* Project object */;
			proxyType = 1;
			remoteGlobalIDString = DC6BC5EE0948FD8B008F8188;
			remoteInfo = "Prepare iTM2ConTeXtKit";
		};
		DC6BC68009490A4B008F8188 /* PBXContainerItemProxy */ = {
			isa = PBXContainerItemProxy;
			containerPortal = 2A37F4A9FDCFA73011CA2CEA /* Project object */;
			proxyType = 1;
			remoteGlobalIDString = DC6BC66A0949099D008F8188;
			remoteInfo = "Prepare iTM2BibTeXSupportKit PlugIn";
		};
		DC6BC68209490A4B008F8188 /* PBXContainerItemProxy */ = {
			isa = PBXContainerItemProxy;
			containerPortal = 2A37F4A9FDCFA73011CA2CEA /* Project object */;
			proxyType = 1;
			remoteGlobalIDString = DCF929730948EC0E00EE2F46;
			remoteInfo = "Prepare LaTeX Symbols PlugIn";
		};
		DC81B12C0887DAEC00943C99 /* PBXContainerItemProxy */ = {
			isa = PBXContainerItemProxy;
			containerPortal = 2A37F4A9FDCFA73011CA2CEA /* Project object */;
			proxyType = 1;
			remoteGlobalIDString = 8D15AC270486D014006FF6A4;
			remoteInfo = iTeXMac2;
		};
		DC81B2A30888589800943C99 /* PBXContainerItemProxy */ = {
			isa = PBXContainerItemProxy;
			containerPortal = 2A37F4A9FDCFA73011CA2CEA /* Project object */;
			proxyType = 1;
			remoteGlobalIDString = DC81B1260887DAD200943C99;
			remoteInfo = "Install iTeXMac2";
		};
		DC8A6100088D79940016FAA2 /* PBXContainerItemProxy */ = {
			isa = PBXContainerItemProxy;
			containerPortal = 2A37F4A9FDCFA73011CA2CEA /* Project object */;
			proxyType = 1;
			remoteGlobalIDString = DCFD96CE0858F4490034D83E;
			remoteInfo = "TeX CM PlugIn";
		};
/* End PBXContainerItemProxy section */

/* Begin PBXCopyFilesBuildPhase section */
		DCB93E5107D720E0005E5B38 /* Copy Frameworks */ = {
			isa = PBXCopyFilesBuildPhase;
			buildActionMask = 2147483647;
			dstPath = "";
			dstSubfolderSpec = 10;
			files = (
				DCE7E7CA08F2712A00DBB513 /* OgreKit.framework in Copy Frameworks */,
				DC8A635E088D917D0016FAA2 /* iTM2Foundation.framework in Copy Frameworks */,
				DC8A635F088D917D0016FAA2 /* iTM2TeXFoundation.framework in Copy Frameworks */,
				DC274355090CFED900C2D1D2 /* iTM2LaTeXKit.framework in Copy Frameworks */,
				DC1C6D12090E1CA5000F4FDE /* iTM2NewDocumentKit.framework in Copy Frameworks */,
				DC01A94D08FE777A00BFF6EF /* iTM2PDFKit.framework in Copy Frameworks */,
				DC89307008FC2DED007A4673 /* iTM2MetaPostKit.framework in Copy Frameworks */,
				DC43E3C909344DCA003C3C86 /* iTM2ConTeXtKit.framework in Copy Frameworks */,
				DC7E4C1D0AD6D7F300202CF2 /* HDCrashReporter.framework in Copy Frameworks */,
				DCA37D7F0AE391AD00874F9E /* iTM2HelpSupport.h in Copy Frameworks */,
			);
			name = "Copy Frameworks";
			runOnlyForDeploymentPostprocessing = 0;
		};
/* End PBXCopyFilesBuildPhase section */

/* Begin PBXFileReference section */
		1058C7A7FEA54F5311CA2CBB /* Cocoa.framework */ = {isa = PBXFileReference; lastKnownFileType = wrapper.framework; name = Cocoa.framework; path = /System/Library/Frameworks/Cocoa.framework; sourceTree = "<absolute>"; };
		2A37F4C4FDCFA73011CA2CEA /* AppKit.framework */ = {isa = PBXFileReference; lastKnownFileType = wrapper.framework; name = AppKit.framework; path = /System/Library/Frameworks/AppKit.framework; sourceTree = "<absolute>"; };
		2A37F4C5FDCFA73011CA2CEA /* Foundation.framework */ = {isa = PBXFileReference; lastKnownFileType = wrapper.framework; name = Foundation.framework; path = /System/Library/Frameworks/Foundation.framework; sourceTree = "<absolute>"; };
		DC01A94108FE776600BFF6EF /* iTM2PDFKit.framework */ = {isa = PBXFileReference; lastKnownFileType = wrapper.framework; name = iTM2PDFKit.framework; path = ../build/iTM2PDFKit.framework; sourceTree = SOURCE_ROOT; };
		DC0D4EF90AD6C63F0024D73F /* HDCrashReporter.framework */ = {isa = PBXFileReference; lastKnownFileType = wrapper.framework; name = HDCrashReporter.framework; path = ../build/HDCrashReporter.framework; sourceTree = SOURCE_ROOT; };
		DC1C6D0F090E1C96000F4FDE /* iTM2NewDocumentKit.framework */ = {isa = PBXFileReference; lastKnownFileType = wrapper.framework; name = iTM2NewDocumentKit.framework; path = ../build/iTM2NewDocumentKit.framework; sourceTree = SOURCE_ROOT; };
		DC27432C090CF64400C2D1D2 /* iTM2LaTeXKit.framework */ = {isa = PBXFileReference; lastKnownFileType = wrapper.framework; name = iTM2LaTeXKit.framework; path = ../build/iTM2LaTeXKit.framework; sourceTree = SOURCE_ROOT; };
		DC3B3DA30A4ADA1300E83ABA /* Development.xcconfig */ = {isa = PBXFileReference; fileEncoding = 4; lastKnownFileType = text.xcconfig; path = Development.xcconfig; sourceTree = "<group>"; };
		DC3B3DA90A4ADA8700E83ABA /* Deployment.xcconfig */ = {isa = PBXFileReference; fileEncoding = 4; lastKnownFileType = text.xcconfig; path = Deployment.xcconfig; sourceTree = "<group>"; };
		DC43E3C709344DBA003C3C86 /* iTM2ConTeXtKit.framework */ = {isa = PBXFileReference; lastKnownFileType = wrapper.framework; name = iTM2ConTeXtKit.framework; path = ../build/iTM2ConTeXtKit.framework; sourceTree = SOURCE_ROOT; };
		DC4F6A32085A2E33004868B8 /* iTeXMac2.CMPlugIn */ = {isa = PBXFileReference; explicitFileType = wrapper.cfbundle; includeInIndex = 0; path = iTeXMac2.CMPlugIn; sourceTree = BUILT_PRODUCTS_DIR; };
		DC4F6A33085A2E33004868B8 /* iTeXMac2.app */ = {isa = PBXFileReference; explicitFileType = wrapper.application; includeInIndex = 0; path = iTeXMac2.app; sourceTree = BUILT_PRODUCTS_DIR; };
		DC5B67660A4B625E00F7DE47 /* Framework */ = {isa = PBXFileReference; fileEncoding = 4; lastKnownFileType = text; path = Framework; sourceTree = "<group>"; };
		DC5B67670A4B625E00F7DE47 /* FrameworkDeployment.xcconfig */ = {isa = PBXFileReference; fileEncoding = 4; lastKnownFileType = text.xcconfig; path = FrameworkDeployment.xcconfig; sourceTree = "<group>"; };
		DC5B67680A4B625E00F7DE47 /* FrameworkDevelopment.xcconfig */ = {isa = PBXFileReference; fileEncoding = 4; lastKnownFileType = text.xcconfig; path = FrameworkDevelopment.xcconfig; sourceTree = "<group>"; };
		DC5B67690A4B625E00F7DE47 /* PlugIn */ = {isa = PBXFileReference; fileEncoding = 4; lastKnownFileType = text; path = PlugIn; sourceTree = "<group>"; };
		DC5B676A0A4B625E00F7DE47 /* PlugInDeployment.xcconfig */ = {isa = PBXFileReference; fileEncoding = 4; lastKnownFileType = text.xcconfig; path = PlugInDeployment.xcconfig; sourceTree = "<group>"; };
		DC5B676B0A4B625E00F7DE47 /* PlugInDevelopment.xcconfig */ = {isa = PBXFileReference; fileEncoding = 4; lastKnownFileType = text.xcconfig; path = PlugInDevelopment.xcconfig; sourceTree = "<group>"; };
		DC6BC59B0948FB3E008F8188 /* Prepare iTM2LaTeXKit.framework */ = {isa = PBXFileReference; explicitFileType = wrapper.framework; includeInIndex = 0; path = "Prepare iTM2LaTeXKit.framework"; sourceTree = BUILT_PRODUCTS_DIR; };
		DC6BC5DE0948FCEC008F8188 /* Prepare iTM2MetaPostKit.framework */ = {isa = PBXFileReference; explicitFileType = wrapper.framework; includeInIndex = 0; path = "Prepare iTM2MetaPostKit.framework"; sourceTree = BUILT_PRODUCTS_DIR; };
		DC6BC5E90948FD59008F8188 /* Prepare iTM2NewDocumentKit.framework */ = {isa = PBXFileReference; explicitFileType = wrapper.framework; includeInIndex = 0; path = "Prepare iTM2NewDocumentKit.framework"; sourceTree = BUILT_PRODUCTS_DIR; };
		DC6BC5F40948FD8B008F8188 /* Prepare iTM2ConTeXtKit.framework */ = {isa = PBXFileReference; explicitFileType = wrapper.framework; includeInIndex = 0; path = "Prepare iTM2ConTeXtKit.framework"; sourceTree = BUILT_PRODUCTS_DIR; };
		DC6BC6700949099D008F8188 /* Prepare iTM2BibTeXSupportKit.bundle */ = {isa = PBXFileReference; explicitFileType = wrapper.cfbundle; includeInIndex = 0; path = "Prepare iTM2BibTeXSupportKit.bundle"; sourceTree = BUILT_PRODUCTS_DIR; };
		DC6D48FA091C1B7600539664 /* AppleScriptKit.framework */ = {isa = PBXFileReference; lastKnownFileType = wrapper.framework; name = AppleScriptKit.framework; path = /System/Library/Frameworks/AppleScriptKit.framework; sourceTree = "<absolute>"; };
		DC74C82007D8532800E10C57 /* iTeXMac2-Prefix.pch */ = {isa = PBXFileReference; fileEncoding = 4; lastKnownFileType = sourcecode.c.h; path = "iTeXMac2-Prefix.pch"; sourceTree = "<group>"; };
		DC74C82107D8532800E10C57 /* iTM2StartupDocument.h */ = {isa = PBXFileReference; fileEncoding = 4; lastKnownFileType = sourcecode.c.h; path = iTM2StartupDocument.h; sourceTree = "<group>"; };
		DC781BAC07F9B8DA00FCD972 /* iTM2WindowsMenuKit.h */ = {isa = PBXFileReference; fileEncoding = 4; lastKnownFileType = sourcecode.c.h; path = iTM2WindowsMenuKit.h; sourceTree = "<group>"; };
		DC781BAD07F9B8DA00FCD972 /* iTM2WindowsMenuKit.m */ = {isa = PBXFileReference; fileEncoding = 4; lastKnownFileType = sourcecode.c.objc; path = iTM2WindowsMenuKit.m; sourceTree = "<group>"; };
		DC7E483A0AD6D7D000202CF2 /* HDCrashReporter.framework */ = {isa = PBXFileReference; explicitFileType = wrapper.framework; includeInIndex = 0; path = HDCrashReporter.framework; sourceTree = BUILT_PRODUCTS_DIR; };
		DC89306B08FC2DD9007A4673 /* iTM2MetaPostKit.framework */ = {isa = PBXFileReference; lastKnownFileType = wrapper.framework; name = iTM2MetaPostKit.framework; path = ../build/iTM2MetaPostKit.framework; sourceTree = SOURCE_ROOT; };
		DC8A6184088D7C580016FAA2 /* iTM2Foundation.framework */ = {isa = PBXFileReference; lastKnownFileType = wrapper.framework; name = iTM2Foundation.framework; path = ../build/iTM2Foundation.framework; sourceTree = SOURCE_ROOT; };
		DC8A6185088D7C580016FAA2 /* iTM2TeXFoundation.framework */ = {isa = PBXFileReference; lastKnownFileType = wrapper.framework; name = iTM2TeXFoundation.framework; path = ../build/iTM2TeXFoundation.framework; sourceTree = SOURCE_ROOT; };
		DCA37D7C0AE391AD00874F9E /* iTM2HelpSupport.m */ = {isa = PBXFileReference; fileEncoding = 4; lastKnownFileType = sourcecode.c.objc; path = iTM2HelpSupport.m; sourceTree = "<group>"; };
		DCA37D7D0AE391AD00874F9E /* iTM2HelpSupport.h */ = {isa = PBXFileReference; fileEncoding = 4; lastKnownFileType = sourcecode.c.h; path = iTM2HelpSupport.h; sourceTree = "<group>"; };
		DCA37DA60AE3939100874F9E /* AddressBook.framework */ = {isa = PBXFileReference; lastKnownFileType = wrapper.framework; name = AddressBook.framework; path = /System/Library/Frameworks/AddressBook.framework; sourceTree = "<absolute>"; };
		DCA37DA70AE3939100874F9E /* Message.framework */ = {isa = PBXFileReference; lastKnownFileType = wrapper.framework; name = Message.framework; path = /System/Library/Frameworks/Message.framework; sourceTree = "<absolute>"; };
		DCB7543708EDA67300A6819D /* OgreKit.framework */ = {isa = PBXFileReference; lastKnownFileType = wrapper.framework; name = OgreKit.framework; path = ../build/OgreKit.framework; sourceTree = SOURCE_ROOT; };
		DCB93A4607D6FFAA005E5B38 /* README.txt */ = {isa = PBXFileReference; fileEncoding = 4; lastKnownFileType = text; path = README.txt; sourceTree = "<group>"; };
		DCB93A6C07D701AF005E5B38 /* iTeXMac2-Info.plist */ = {isa = PBXFileReference; fileEncoding = 4; lastKnownFileType = text.xml; path = "iTeXMac2-Info.plist"; sourceTree = "<group>"; };
		DCB93A6D07D701AF005E5B38 /* iTeXMac2-main.m */ = {isa = PBXFileReference; fileEncoding = 4; lastKnownFileType = sourcecode.c.objc; path = "iTeXMac2-main.m"; sourceTree = "<group>"; };
		DCB93A8407D702A5005E5B38 /* iTM2StartupDocument.m */ = {isa = PBXFileReference; fileEncoding = 4; lastKnownFileType = sourcecode.c.objc; path = iTM2StartupDocument.m; sourceTree = "<group>"; };
		DCB93D2F07D70F95005E5B38 /* Carbon.framework */ = {isa = PBXFileReference; lastKnownFileType = wrapper.framework; name = Carbon.framework; path = /System/Library/Frameworks/Carbon.framework; sourceTree = "<absolute>"; };
		DCCE70A4091B58D200960441 /* iTM2AppleScriptSupport.h */ = {isa = PBXFileReference; fileEncoding = 4; lastKnownFileType = sourcecode.c.h; path = iTM2AppleScriptSupport.h; sourceTree = "<group>"; };
		DCCE70A5091B58D200960441 /* iTM2AppleScriptSupport.m */ = {isa = PBXFileReference; fileEncoding = 4; lastKnownFileType = sourcecode.c.objc; path = iTM2AppleScriptSupport.m; sourceTree = "<group>"; };
		DCF929740948EC0E00EE2F46 /* Prepare iTM2LaTeXSymbolsKit.bundle */ = {isa = PBXFileReference; explicitFileType = wrapper.cfbundle; includeInIndex = 0; path = "Prepare iTM2LaTeXSymbolsKit.bundle"; sourceTree = BUILT_PRODUCTS_DIR; };
		DCFD96E60858F5980034D83E /* TeX CM PlugIn-Info.plist */ = {isa = PBXFileReference; fileEncoding = 4; lastKnownFileType = text.xml; path = "TeX CM PlugIn-Info.plist"; sourceTree = "<group>"; };
		DCFFA6C80855B7C900607AAA /* English */ = {isa = PBXFileReference; fileEncoding = 10; lastKnownFileType = text.plist.strings; name = English; path = English.lproj/InfoPlist.strings; sourceTree = "<group>"; };
		DCFFA6CC0855B7C900607AAA /* English */ = {isa = PBXFileReference; fileEncoding = 4; lastKnownFileType = text.xml; name = English; path = English.lproj/Localized.strings; sourceTree = "<group>"; };
		DCFFA6CD0855B7C900607AAA /* iTeXMac2CMPlugIn.m */ = {isa = PBXFileReference; fileEncoding = 4; lastKnownFileType = sourcecode.c.objc; path = iTeXMac2CMPlugIn.m; sourceTree = "<group>"; };
/* End PBXFileReference section */

/* Begin PBXFrameworksBuildPhase section */
		8D15AC330486D014006FF6A4 /* Frameworks */ = {
			isa = PBXFrameworksBuildPhase;
			buildActionMask = 2147483647;
			files = (
				8D15AC340486D014006FF6A4 /* Cocoa.framework in Frameworks */,
				DC8A6186088D7C580016FAA2 /* iTM2Foundation.framework in Frameworks */,
				DC8A6187088D7C580016FAA2 /* iTM2TeXFoundation.framework in Frameworks */,
				DCB7543808EDA67300A6819D /* OgreKit.framework in Frameworks */,
				DC89306C08FC2DDA007A4673 /* iTM2MetaPostKit.framework in Frameworks */,
				DC01A94208FE776600BFF6EF /* iTM2PDFKit.framework in Frameworks */,
				DC27432D090CF64400C2D1D2 /* iTM2LaTeXKit.framework in Frameworks */,
				DC1C6D10090E1C96000F4FDE /* iTM2NewDocumentKit.framework in Frameworks */,
				DC6D48FB091C1B7600539664 /* AppleScriptKit.framework in Frameworks */,
				DC43E3C809344DBA003C3C86 /* iTM2ConTeXtKit.framework in Frameworks */,
				DC0D4EFE0AD6C6400024D73F /* HDCrashReporter.framework in Frameworks */,
				DC7E483B0AD6D7D000202CF2 /* HDCrashReporter.framework in Frameworks */,
				DCA37DC10AE3939100874F9E /* AddressBook.framework in Frameworks */,
				DCA37DC20AE3939100874F9E /* Message.framework in Frameworks */,
			);
			runOnlyForDeploymentPostprocessing = 0;
		};
		DCFD96CD0858F4490034D83E /* Frameworks */ = {
			isa = PBXFrameworksBuildPhase;
			buildActionMask = 2147483647;
			files = (
				DCFD96DF0858F57B0034D83E /* Carbon.framework in Frameworks */,
				DCFD96E00858F57C0034D83E /* Cocoa.framework in Frameworks */,
			);
			runOnlyForDeploymentPostprocessing = 0;
		};
/* End PBXFrameworksBuildPhase section */

/* Begin PBXGroup section */
		1058C7A6FEA54F5311CA2CBB /* Linked Frameworks */ = {
			isa = PBXGroup;
			children = (
				DCB93D2F07D70F95005E5B38 /* Carbon.framework */,
				1058C7A7FEA54F5311CA2CBB /* Cocoa.framework */,
				DCA37DA60AE3939100874F9E /* AddressBook.framework */,
				DCA37DA70AE3939100874F9E /* Message.framework */,
				DC6D48FA091C1B7600539664 /* AppleScriptKit.framework */,
				DCB7543708EDA67300A6819D /* OgreKit.framework */,
				DC8A6184088D7C580016FAA2 /* iTM2Foundation.framework */,
				DC8A6185088D7C580016FAA2 /* iTM2TeXFoundation.framework */,
				DC27432C090CF64400C2D1D2 /* iTM2LaTeXKit.framework */,
				DC1C6D0F090E1C96000F4FDE /* iTM2NewDocumentKit.framework */,
				DC01A94108FE776600BFF6EF /* iTM2PDFKit.framework */,
				DC89306B08FC2DD9007A4673 /* iTM2MetaPostKit.framework */,
				DC43E3C709344DBA003C3C86 /* iTM2ConTeXtKit.framework */,
				DC0D4EF90AD6C63F0024D73F /* HDCrashReporter.framework */,
			);
			name = "Linked Frameworks";
			sourceTree = "<group>";
		};
		1058C7A8FEA54F5311CA2CBB /* Other Frameworks */ = {
			isa = PBXGroup;
			children = (
				2A37F4C4FDCFA73011CA2CEA /* AppKit.framework */,
				2A37F4C5FDCFA73011CA2CEA /* Foundation.framework */,
			);
			name = "Other Frameworks";
			sourceTree = "<group>";
		};
		19C28FB0FE9D524F11CA2CBB /* Products */ = {
			isa = PBXGroup;
			children = (
				DC4F6A32085A2E33004868B8 /* iTeXMac2.CMPlugIn */,
				DC4F6A33085A2E33004868B8 /* iTeXMac2.app */,
				DCF929740948EC0E00EE2F46 /* Prepare iTM2LaTeXSymbolsKit.bundle */,
				DC6BC59B0948FB3E008F8188 /* Prepare iTM2LaTeXKit.framework */,
				DC6BC5DE0948FCEC008F8188 /* Prepare iTM2MetaPostKit.framework */,
				DC6BC5E90948FD59008F8188 /* Prepare iTM2NewDocumentKit.framework */,
				DC6BC5F40948FD8B008F8188 /* Prepare iTM2ConTeXtKit.framework */,
				DC6BC6700949099D008F8188 /* Prepare iTM2BibTeXSupportKit.bundle */,
				DC7E483A0AD6D7D000202CF2 /* HDCrashReporter.framework */,
			);
			name = Products;
			sourceTree = "<group>";
		};
		2A37F4AAFDCFA73011CA2CEA /* iTeXMac2 */ = {
			isa = PBXGroup;
			children = (
				DCB93A4607D6FFAA005E5B38 /* README.txt */,
				DCB93A5107D6FFC1005E5B38 /* iTeXMac2 */,
				2A37F4C3FDCFA73011CA2CEA /* Frameworks */,
				19C28FB0FE9D524F11CA2CBB /* Products */,
				DC3B3DB00A4ADADF00E83ABA /* Settings */,
			);
			name = iTeXMac2;
			sourceTree = "<group>";
		};
		2A37F4C3FDCFA73011CA2CEA /* Frameworks */ = {
			isa = PBXGroup;
			children = (
				1058C7A6FEA54F5311CA2CBB /* Linked Frameworks */,
				1058C7A8FEA54F5311CA2CBB /* Other Frameworks */,
			);
			name = Frameworks;
			sourceTree = "<group>";
		};
		DC3B3DB00A4ADADF00E83ABA /* Settings */ = {
			isa = PBXGroup;
			children = (
				DC5B67660A4B625E00F7DE47 /* Framework */,
				DC5B67670A4B625E00F7DE47 /* FrameworkDeployment.xcconfig */,
				DC5B67680A4B625E00F7DE47 /* FrameworkDevelopment.xcconfig */,
				DC5B67690A4B625E00F7DE47 /* PlugIn */,
				DC5B676A0A4B625E00F7DE47 /* PlugInDeployment.xcconfig */,
				DC5B676B0A4B625E00F7DE47 /* PlugInDevelopment.xcconfig */,
				DC3B3DA30A4ADA1300E83ABA /* Development.xcconfig */,
				DC3B3DA90A4ADA8700E83ABA /* Deployment.xcconfig */,
			);
			name = Settings;
			path = ../Settings;
			sourceTree = "<group>";
		};
		DCB93A5107D6FFC1005E5B38 /* iTeXMac2 */ = {
			isa = PBXGroup;
			children = (
				DC74C82007D8532800E10C57 /* iTeXMac2-Prefix.pch */,
				DC74C82107D8532800E10C57 /* iTM2StartupDocument.h */,
				DCB93A8407D702A5005E5B38 /* iTM2StartupDocument.m */,
				DCB93A6C07D701AF005E5B38 /* iTeXMac2-Info.plist */,
				DCB93A6D07D701AF005E5B38 /* iTeXMac2-main.m */,
				DC781BAC07F9B8DA00FCD972 /* iTM2WindowsMenuKit.h */,
				DC781BAD07F9B8DA00FCD972 /* iTM2WindowsMenuKit.m */,
				DCCE70A4091B58D200960441 /* iTM2AppleScriptSupport.h */,
				DCCE70A5091B58D200960441 /* iTM2AppleScriptSupport.m */,
				DCA37D7D0AE391AD00874F9E /* iTM2HelpSupport.h */,
				DCA37D7C0AE391AD00874F9E /* iTM2HelpSupport.m */,
				DCFFA6C60855B7C900607AAA /* iTeXMac2 CM PlugIn */,
			);
			name = iTeXMac2;
			sourceTree = "<group>";
		};
		DCFFA6C60855B7C900607AAA /* iTeXMac2 CM PlugIn */ = {
			isa = PBXGroup;
			children = (
				DCFD96E60858F5980034D83E /* TeX CM PlugIn-Info.plist */,
				DCFFA6C70855B7C900607AAA /* InfoPlist.strings */,
				DCFFA6CB0855B7C900607AAA /* Localized.strings */,
				DCFFA6CD0855B7C900607AAA /* iTeXMac2CMPlugIn.m */,
			);
			path = "iTeXMac2 CM PlugIn";
			sourceTree = "<group>";
		};
/* End PBXGroup section */

/* Begin PBXNativeTarget section */
		8D15AC270486D014006FF6A4 /* iTeXMac2 */ = {
			isa = PBXNativeTarget;
			buildConfigurationList = DC6BB76509474610004B0A81 /* Build configuration list for PBXNativeTarget "iTeXMac2" */;
			buildPhases = (
				8D15AC2B0486D014006FF6A4 /* Resources */,
				8D15AC300486D014006FF6A4 /* Sources */,
				8D15AC330486D014006FF6A4 /* Frameworks */,
				DC6D4900091C217500539664 /* Create the script suites */,
				DCB93E5107D720E0005E5B38 /* Copy Frameworks */,
				DC2CA5C40855C9CB00128F14 /* Copy plug ins */,
				DC25E1CB0990C46600545F27 /* Expand compressed resources */,
				DCD24FC1094ED0DD00346075 /* Test for 'x' flag */,
				DC4EF14A0A3E2D4A00E264F0 /* Update build number */,
			);
			buildRules = (
			);
			dependencies = (
				DC0D4ED10AD6C43E0024D73F /* PBXTargetDependency */,
				DC6BC5D60948FCCD008F8188 /* PBXTargetDependency */,
				DC6BC5E00948FCFB008F8188 /* PBXTargetDependency */,
				DC6BC5ED0948FD80008F8188 /* PBXTargetDependency */,
				DC6BC5F80948FDA4008F8188 /* PBXTargetDependency */,
				DC6BC68309490A4B008F8188 /* PBXTargetDependency */,
				DC6BC68109490A4B008F8188 /* PBXTargetDependency */,
			);
			name = iTeXMac2;
			productInstallPath = "$(HOME)/Applications";
			productName = iTeXMac2;
			productReference = DC4F6A33085A2E33004868B8 /* iTeXMac2.app */;
			productType = "com.apple.product-type.application";
		};
		DC0D4EC70AD6C39C0024D73F /* Prepare HDCrashReporter */ = {
			isa = PBXNativeTarget;
			buildConfigurationList = DC0D4EC90AD6C39C0024D73F /* Build configuration list for PBXNativeTarget "Prepare HDCrashReporter" */;
			buildPhases = (
				DC0D4EC80AD6C39C0024D73F /* Synchronize */,
			);
			buildRules = (
			);
			dependencies = (
			);
			name = "Prepare HDCrashReporter";
			productName = "Prepare LaTeX Kit";
			productReference = DC7E483A0AD6D7D000202CF2 /* HDCrashReporter.framework */;
			productType = "com.apple.product-type.framework";
		};
		DC6BC59A0948FB3E008F8188 /* Prepare iTM2LaTeXKit */ = {
			isa = PBXNativeTarget;
			buildConfigurationList = DC6BC59D0948FB40008F8188 /* Build configuration list for PBXNativeTarget "Prepare iTM2LaTeXKit" */;
			buildPhases = (
				DC6BC5D00948FBB9008F8188 /* Synchronize */,
			);
			buildRules = (
			);
			dependencies = (
			);
			name = "Prepare iTM2LaTeXKit";
			productName = "Prepare LaTeX Kit";
			productReference = DC6BC59B0948FB3E008F8188 /* Prepare iTM2LaTeXKit.framework */;
			productType = "com.apple.product-type.framework";
		};
		DC6BC5D80948FCEC008F8188 /* Prepare iTM2MetaPostKit */ = {
			isa = PBXNativeTarget;
			buildConfigurationList = DC6BC5DA0948FCEC008F8188 /* Build configuration list for PBXNativeTarget "Prepare iTM2MetaPostKit" */;
			buildPhases = (
				DC6BC5D90948FCEC008F8188 /* Synchronize */,
			);
			buildRules = (
			);
			dependencies = (
			);
			name = "Prepare iTM2MetaPostKit";
			productName = "Prepare LaTeX Kit";
			productReference = DC6BC5DE0948FCEC008F8188 /* Prepare iTM2MetaPostKit.framework */;
			productType = "com.apple.product-type.framework";
		};
		DC6BC5E30948FD59008F8188 /* Prepare iTM2NewDocumentKit */ = {
			isa = PBXNativeTarget;
			buildConfigurationList = DC6BC5E50948FD59008F8188 /* Build configuration list for PBXNativeTarget "Prepare iTM2NewDocumentKit" */;
			buildPhases = (
				DC6BC5E40948FD59008F8188 /* Synchronize */,
			);
			buildRules = (
			);
			dependencies = (
			);
			name = "Prepare iTM2NewDocumentKit";
			productName = "Prepare LaTeX Kit";
			productReference = DC6BC5E90948FD59008F8188 /* Prepare iTM2NewDocumentKit.framework */;
			productType = "com.apple.product-type.framework";
		};
		DC6BC5EE0948FD8B008F8188 /* Prepare iTM2ConTeXtKit */ = {
			isa = PBXNativeTarget;
			buildConfigurationList = DC6BC5F00948FD8B008F8188 /* Build configuration list for PBXNativeTarget "Prepare iTM2ConTeXtKit" */;
			buildPhases = (
				DC6BC5EF0948FD8B008F8188 /* Synchronize */,
			);
			buildRules = (
			);
			dependencies = (
			);
			name = "Prepare iTM2ConTeXtKit";
			productName = "Prepare LaTeX Kit";
			productReference = DC6BC5F40948FD8B008F8188 /* Prepare iTM2ConTeXtKit.framework */;
			productType = "com.apple.product-type.framework";
		};
		DC6BC66A0949099D008F8188 /* Prepare iTM2BibTeXSupportKit PlugIn */ = {
			isa = PBXNativeTarget;
			buildConfigurationList = DC6BC66C0949099D008F8188 /* Build configuration list for PBXNativeTarget "Prepare iTM2BibTeXSupportKit PlugIn" */;
			buildPhases = (
				DC6BC66B0949099D008F8188 /* Synchronize */,
			);
			buildRules = (
			);
			dependencies = (
			);
			name = "Prepare iTM2BibTeXSupportKit PlugIn";
			productName = "LaTeX Symbols PlugIn";
			productReference = DC6BC6700949099D008F8188 /* Prepare iTM2BibTeXSupportKit.bundle */;
			productType = "com.apple.product-type.bundle";
		};
		DCF929730948EC0E00EE2F46 /* Prepare LaTeX Symbols PlugIn */ = {
			isa = PBXNativeTarget;
			buildConfigurationList = DCF929760948EC0F00EE2F46 /* Build configuration list for PBXNativeTarget "Prepare LaTeX Symbols PlugIn" */;
			buildPhases = (
				DCF9297A0948EC2100EE2F46 /* Synchronize */,
			);
			buildRules = (
			);
			dependencies = (
			);
			name = "Prepare LaTeX Symbols PlugIn";
			productName = "LaTeX Symbols PlugIn";
			productReference = DCF929740948EC0E00EE2F46 /* Prepare iTM2LaTeXSymbolsKit.bundle */;
			productType = "com.apple.product-type.bundle";
		};
		DCFD96CE0858F4490034D83E /* TeX CM PlugIn */ = {
			isa = PBXNativeTarget;
			buildConfigurationList = DC6BB75109474610004B0A81 /* Build configuration list for PBXNativeTarget "TeX CM PlugIn" */;
			buildPhases = (
				DCFD96CB0858F4490034D83E /* Resources */,
				DCFD96CC0858F4490034D83E /* Sources */,
				DCFD96CD0858F4490034D83E /* Frameworks */,
			);
			buildRules = (
			);
			dependencies = (
			);
			name = "TeX CM PlugIn";
			productName = "TeX CM PlugIn";
			productReference = DC4F6A32085A2E33004868B8 /* iTeXMac2.CMPlugIn */;
			productType = "com.apple.product-type.bundle";
		};
/* End PBXNativeTarget section */

/* Begin PBXProject section */
		2A37F4A9FDCFA73011CA2CEA /* Project object */ = {
			isa = PBXProject;
			buildConfigurationList = DC6BB77D09474610004B0A81 /* Build configuration list for PBXProject "iTeXMac2" */;
			hasScannedForEncodings = 1;
			mainGroup = 2A37F4AAFDCFA73011CA2CEA /* iTeXMac2 */;
			projectDirPath = "";
			targets = (
				DCFD96CE0858F4490034D83E /* TeX CM PlugIn */,
				DC0D4EC70AD6C39C0024D73F /* Prepare HDCrashReporter */,
				DC6BC59A0948FB3E008F8188 /* Prepare iTM2LaTeXKit */,
				DC6BC5D80948FCEC008F8188 /* Prepare iTM2MetaPostKit */,
				DC6BC5E30948FD59008F8188 /* Prepare iTM2NewDocumentKit */,
				DC6BC5EE0948FD8B008F8188 /* Prepare iTM2ConTeXtKit */,
				DCF929730948EC0E00EE2F46 /* Prepare LaTeX Symbols PlugIn */,
				DC6BC66A0949099D008F8188 /* Prepare iTM2BibTeXSupportKit PlugIn */,
				8D15AC270486D014006FF6A4 /* iTeXMac2 */,
				DC81B1260887DAD200943C99 /* Install iTeXMac2 */,
				DC81D83008840CF60086F2EB /* All */,
				DC25E1D00990C4E200545F27 /* TEST */,
			);
		};
/* End PBXProject section */

/* Begin PBXResourcesBuildPhase section */
		8D15AC2B0486D014006FF6A4 /* Resources */ = {
			isa = PBXResourcesBuildPhase;
			buildActionMask = 2147483647;
			files = (
			);
			runOnlyForDeploymentPostprocessing = 0;
		};
		DCFD96CB0858F4490034D83E /* Resources */ = {
			isa = PBXResourcesBuildPhase;
			buildActionMask = 2147483647;
			files = (
				DCFD96DD0858F5700034D83E /* InfoPlist.strings in Resources */,
				DCFD96DE0858F5700034D83E /* Localized.strings in Resources */,
			);
			runOnlyForDeploymentPostprocessing = 0;
		};
/* End PBXResourcesBuildPhase section */

/* Begin PBXShellScriptBuildPhase section */
		DC0D4EC80AD6C39C0024D73F /* Synchronize */ = {
			isa = PBXShellScriptBuildPhase;
			buildActionMask = 2147483647;
			files = (
			);
			inputPaths = (
			);
			name = Synchronize;
			outputPaths = (
			);
			runOnlyForDeploymentPostprocessing = 0;
			shellPath = /bin/sh;
			shellScript = "../Scripts/iTM2SynchronizeHDCrashReporter.sh\n";
		};
		DC25E1CB0990C46600545F27 /* Expand compressed resources */ = {
			isa = PBXShellScriptBuildPhase;
			buildActionMask = 2147483647;
			files = (
			);
			inputPaths = (
			);
			name = "Expand compressed resources";
			outputPaths = (
			);
			runOnlyForDeploymentPostprocessing = 0;
			shellPath = /bin/sh;
			shellScript = "../Scripts/iTM2BuildPhaseExpandResources.pl\n";
		};
		DC25E1D10990C4ED00545F27 /* ShellScript */ = {
			isa = PBXShellScriptBuildPhase;
			buildActionMask = 2147483647;
			files = (
			);
			inputPaths = (
			);
			outputPaths = (
			);
			runOnlyForDeploymentPostprocessing = 0;
			shellPath = /bin/sh;
			shellScript = "../Scripts/iTM2CreateMacrosHashTable.pl --directory \"$TARGET_BUILD_DIR\" -c\n";
		};
		DC2CA5C40855C9CB00128F14 /* Copy plug ins */ = {
			isa = PBXShellScriptBuildPhase;
			buildActionMask = 2147483647;
			files = (
			);
			inputPaths = (
			);
			name = "Copy plug ins";
			outputPaths = (
			);
			runOnlyForDeploymentPostprocessing = 0;
			shellPath = /bin/sh;
			shellScript = "echo \"warning: iTeXMac2 INFO, Copying the plug-ins\"\nDESTINATION_DIRECTORY=\"${TARGET_BUILD_DIR}/${PLUGINS_FOLDER_PATH}\"\nif ! [ -d \"${DESTINATION_DIRECTORY}\" ]\nthen\n\tmkdir \"${DESTINATION_DIRECTORY}\"\n\techo \"Creating ${DESTINATION_DIRECTORY}\"\n\tif ! [ -d \"${DESTINATION_DIRECTORY}\" ]\n\tthen\n\t\techo \"warning: iTeXMac2 INFO, Copying the plug-ins... FAILED\"\n\t\texit 1\n\tfi\nfi\ncd \"${SYMROOT}\"\n# copier tout ce qui se termine par iTM2\nIFS='\n'\niTM2_TARGETS=\"`ls -1 -d *`$IFS\"\nfor iTM2_VAR in ${iTM2_TARGETS}\ndo\n\tif [ \"${iTM2_VAR##*.}\" == \"iTM2\" ]\n\tthen\n\t\trm -Rf \"${DESTINATION_DIRECTORY}/${iTM2_VAR}\"\n\t\tcp -Rf \"${iTM2_VAR}\" \"${DESTINATION_DIRECTORY}\"\n\t\tif [ -d \"${DESTINATION_DIRECTORY}/${iTM2_VAR}\" ]\n\t\tthen\n\t\t\techo \"warning: iTeXMac2 INFO, ${iTM2_VAR} plug-in copied\"\n\t\telse\n\t\t\techo \"warning: iTeXMac2 INFO, Copying ${iTM2_VAR} plug-in... FAILED\"\n\t\t\texit 2\n\t\tfi\n\tfi\ndone\n# copier tout ce qui se termine par prefPane\nIFS='\n'\niTM2_TARGETS=\"`ls -1 -d *`$IFS\"\nfor iTM2_VAR in ${iTM2_TARGETS}\ndo\n\tif [ \"${iTM2_VAR##*.}\" == \"prefPane\" ]\n\tthen\n\t\trm -Rf \"${DESTINATION_DIRECTORY}/${iTM2_VAR}\"\n\t\tcp -Rf \"${iTM2_VAR}\" \"${DESTINATION_DIRECTORY}\"\n\t\tif [ -d \"${DESTINATION_DIRECTORY}/${iTM2_VAR}\" ]\n\t\tthen\n\t\t\techo \"warning: iTeXMac2 INFO, ${iTM2_VAR} preference wrapper copied\"\n\t\telse\n\t\t\techo \"warning: iTeXMac2 INFO, Copying ${iTM2_VAR} preference wrapper... FAILED\"\n\t\t\texit 2\n\t\tfi\n\tfi\ndone\necho \"warning: iTeXMac2 INFO, Copying the plug-ins... DONE\"\nexit 0\nif [ \"${BUILD_STYLE}\" != \"Development\" ]\nthen\n\t\"${CHOWN}\" -RH \"${INSTALL_OWNER}:${INSTALL_GROUP}\" \"${DESTINATION_DIRECTORY}\"\n\t\"${CHMOD}\" -RH ${INSTALL_MODE_FLAG} \"${DESTINATION_DIRECTORY}\"\nfi\necho \"=-=-=-=-=-  Copying the plug ins result:\"\nls -l \"${DESTINATION_DIRECTORY}\"\n";
		};
		DC4EF14A0A3E2D4A00E264F0 /* Update build number */ = {
			isa = PBXShellScriptBuildPhase;
			buildActionMask = 2147483647;
			files = (
			);
			inputPaths = (
			);
			name = "Update build number";
			outputPaths = (
			);
			runOnlyForDeploymentPostprocessing = 0;
			shellPath = /bin/sh;
			shellScript = "../Scripts/iTM2UpdateInfoPList.pl\n";
		};
		DC6BC5D00948FBB9008F8188 /* Synchronize */ = {
			isa = PBXShellScriptBuildPhase;
			buildActionMask = 2147483647;
			files = (
			);
			inputPaths = (
			);
			name = Synchronize;
			outputPaths = (
			);
			runOnlyForDeploymentPostprocessing = 0;
			shellPath = /bin/sh;
			shellScript = "../Scripts/iTM2SynchronizeFramework.sh iTM2LaTeXKit\n";
		};
		DC6BC5D90948FCEC008F8188 /* Synchronize */ = {
			isa = PBXShellScriptBuildPhase;
			buildActionMask = 2147483647;
			files = (
			);
			inputPaths = (
			);
			name = Synchronize;
			outputPaths = (
			);
			runOnlyForDeploymentPostprocessing = 0;
			shellPath = /bin/sh;
			shellScript = "../Scripts/iTM2SynchronizeFramework.sh iTM2MetaPostKit\n";
		};
		DC6BC5E40948FD59008F8188 /* Synchronize */ = {
			isa = PBXShellScriptBuildPhase;
			buildActionMask = 2147483647;
			files = (
			);
			inputPaths = (
			);
			name = Synchronize;
			outputPaths = (
			);
			runOnlyForDeploymentPostprocessing = 0;
			shellPath = /bin/sh;
			shellScript = "../Scripts/iTM2SynchronizeFramework.sh iTM2NewDocumentKit\n";
		};
		DC6BC5EF0948FD8B008F8188 /* Synchronize */ = {
			isa = PBXShellScriptBuildPhase;
			buildActionMask = 2147483647;
			files = (
			);
			inputPaths = (
			);
			name = Synchronize;
			outputPaths = (
			);
			runOnlyForDeploymentPostprocessing = 0;
			shellPath = /bin/sh;
			shellScript = "../Scripts/iTM2SynchronizeFramework.sh iTM2ConTeXtKit\n";
		};
		DC6BC66B0949099D008F8188 /* Synchronize */ = {
			isa = PBXShellScriptBuildPhase;
			buildActionMask = 2147483647;
			files = (
			);
			inputPaths = (
			);
			name = Synchronize;
			outputPaths = (
			);
			runOnlyForDeploymentPostprocessing = 0;
			shellPath = /bin/sh;
			shellScript = "../Scripts/iTM2SynchronizePlugIn.sh iTM2BibTeXSupportKit\n";
		};
		DC6D4900091C217500539664 /* Create the script suites */ = {
			isa = PBXShellScriptBuildPhase;
			buildActionMask = 2147483647;
			files = (
			);
			inputPaths = (
			);
			name = "Create the script suites";
			outputPaths = (
			);
			runOnlyForDeploymentPostprocessing = 0;
			shellPath = /bin/sh;
			shellScript = "echo \"warning: iTeXMac2 INFO, creating the script suites and terminology... SKIPPED\"\n#sdp -f st -o \"$BUILD_DIR/$UNLOCALIZED_RESOURCES_FOLDER_PATH\" \"$SOURCE_ROOT/Resources/iTeXMac2.sdef\"";
		};
		DC81B1280887DAD200943C99 /* Install in build/ */ = {
			isa = PBXShellScriptBuildPhase;
			buildActionMask = 8;
			files = (
			);
			inputPaths = (
			);
			name = "Install in build/";
			outputPaths = (
			);
			runOnlyForDeploymentPostprocessing = 1;
			shellPath = /bin/sh;
			shellScript = "iTM2_FULL_PRODUCT_NAME=\"${PRODUCT_NAME}.${WRAPPER_EXTENSION}\"\necho \"warning: iTeXMac2 INFO, installing ${iTM2_FULL_PRODUCT_NAME}\"\nif [ -d \"${TARGET_BUILD_DIR}/${iTM2_FULL_PRODUCT_NAME}\" ]\nthen\n\tif [ \"${TARGET_BUILD_DIR}\" != \"${SYMROOT}\" ]\n\tthen\n\t\trm -Rf \"${SYMROOT}/${iTM2_FULL_PRODUCT_NAME}\"\n\t\tmv -f \"${TARGET_BUILD_DIR}/${iTM2_FULL_PRODUCT_NAME}\" \"${SYMROOT}\"\n\tfi\n\tif [ -d \"${SYMROOT}/${iTM2_FULL_PRODUCT_NAME}\" ]\n\tthen\n\t\techo \"warning: iTeXMac2 INFO, installing ${iTM2_FULL_PRODUCT_NAME}... DONE\"\n\t\texit 0\n\telse\n\t\techo \"warning: iTeXMac2 INFO, missing ${iTM2_FULL_PRODUCT_NAME}... FAILED\"\n\t\texit 2\n\tfi\nelse\n\t\techo \"warning: iTeXMac2 INFO, missing ${iTM2_FULL_PRODUCT_NAME}... FAILED\"\n\t\texit 1\nfi\n";
		};
		DC81D83508840CF60086F2EB /* ls iTeXMac2.app contents */ = {
			isa = PBXShellScriptBuildPhase;
			buildActionMask = 8;
			files = (
			);
			inputPaths = (
			);
			name = "ls iTeXMac2.app contents";
			outputPaths = (
			);
			runOnlyForDeploymentPostprocessing = 1;
			shellPath = /bin/sh;
			shellScript = "echo \"warning: iTeXMac2 INFO, Creating ls-al diagnostic file\"\nls -alR \"${SYMROOT}/iTeXMac2.app\" > \"${SYMROOT}/ls-al\"\necho \"warning: iTeXMac2 INFO, Creating ls-al diagnostic file... DONE\"\n";
		};
		DCD24FC1094ED0DD00346075 /* Test for 'x' flag */ = {
			isa = PBXShellScriptBuildPhase;
			buildActionMask = 2147483647;
			files = (
			);
			inputPaths = (
			);
			name = "Test for 'x' flag";
			outputPaths = (
			);
			runOnlyForDeploymentPostprocessing = 0;
			shellPath = /bin/sh;
			shellScript = ../Scripts/iTM2CheckExecutable.sh;
		};
		DCF9297A0948EC2100EE2F46 /* Synchronize */ = {
			isa = PBXShellScriptBuildPhase;
			buildActionMask = 2147483647;
			files = (
			);
			inputPaths = (
			);
			name = Synchronize;
			outputPaths = (
			);
			runOnlyForDeploymentPostprocessing = 0;
			shellPath = /bin/sh;
			shellScript = "../Scripts/iTM2SynchronizePlugIn.sh iTM2LaTeXSymbolsKit\n";
		};
/* End PBXShellScriptBuildPhase section */

/* Begin PBXSourcesBuildPhase section */
		8D15AC300486D014006FF6A4 /* Sources */ = {
			isa = PBXSourcesBuildPhase;
			buildActionMask = 2147483647;
			files = (
				DCB93A7907D701AF005E5B38 /* iTeXMac2-main.m in Sources */,
				DCB93A8607D702A5005E5B38 /* iTM2StartupDocument.m in Sources */,
				DC781BAF07F9B8DB00FCD972 /* iTM2WindowsMenuKit.m in Sources */,
				DCCE70A7091B58D200960441 /* iTM2AppleScriptSupport.m in Sources */,
				DCA37D7E0AE391AD00874F9E /* iTM2HelpSupport.m in Sources */,
			);
			runOnlyForDeploymentPostprocessing = 0;
		};
		DCFD96CC0858F4490034D83E /* Sources */ = {
			isa = PBXSourcesBuildPhase;
			buildActionMask = 2147483647;
			files = (
				DCFD96D40858F4FB0034D83E /* iTeXMac2CMPlugIn.m in Sources */,
			);
			runOnlyForDeploymentPostprocessing = 0;
		};
/* End PBXSourcesBuildPhase section */

/* Begin PBXTargetDependency section */
		DC0D4ED10AD6C43E0024D73F /* PBXTargetDependency */ = {
			isa = PBXTargetDependency;
			target = DC0D4EC70AD6C39C0024D73F /* Prepare HDCrashReporter */;
			targetProxy = DC0D4ED00AD6C43E0024D73F /* PBXContainerItemProxy */;
		};
		DC6BC5D60948FCCD008F8188 /* PBXTargetDependency */ = {
			isa = PBXTargetDependency;
			target = DC6BC59A0948FB3E008F8188 /* Prepare iTM2LaTeXKit */;
			targetProxy = DC6BC5D50948FCCD008F8188 /* PBXContainerItemProxy */;
		};
		DC6BC5E00948FCFB008F8188 /* PBXTargetDependency */ = {
			isa = PBXTargetDependency;
			target = DC6BC5D80948FCEC008F8188 /* Prepare iTM2MetaPostKit */;
			targetProxy = DC6BC5DF0948FCFB008F8188 /* PBXContainerItemProxy */;
		};
		DC6BC5ED0948FD80008F8188 /* PBXTargetDependency */ = {
			isa = PBXTargetDependency;
			target = DC6BC5E30948FD59008F8188 /* Prepare iTM2NewDocumentKit */;
			targetProxy = DC6BC5EC0948FD80008F8188 /* PBXContainerItemProxy */;
		};
		DC6BC5F80948FDA4008F8188 /* PBXTargetDependency */ = {
			isa = PBXTargetDependency;
			target = DC6BC5EE0948FD8B008F8188 /* Prepare iTM2ConTeXtKit */;
			targetProxy = DC6BC5F70948FDA4008F8188 /* PBXContainerItemProxy */;
		};
		DC6BC68109490A4B008F8188 /* PBXTargetDependency */ = {
			isa = PBXTargetDependency;
			target = DC6BC66A0949099D008F8188 /* Prepare iTM2BibTeXSupportKit PlugIn */;
			targetProxy = DC6BC68009490A4B008F8188 /* PBXContainerItemProxy */;
		};
		DC6BC68309490A4B008F8188 /* PBXTargetDependency */ = {
			isa = PBXTargetDependency;
			target = DCF929730948EC0E00EE2F46 /* Prepare LaTeX Symbols PlugIn */;
			targetProxy = DC6BC68209490A4B008F8188 /* PBXContainerItemProxy */;
		};
		DC81B12D0887DAEC00943C99 /* PBXTargetDependency */ = {
			isa = PBXTargetDependency;
			target = 8D15AC270486D014006FF6A4 /* iTeXMac2 */;
			targetProxy = DC81B12C0887DAEC00943C99 /* PBXContainerItemProxy */;
		};
		DC81B2A40888589800943C99 /* PBXTargetDependency */ = {
			isa = PBXTargetDependency;
			target = DC81B1260887DAD200943C99 /* Install iTeXMac2 */;
			targetProxy = DC81B2A30888589800943C99 /* PBXContainerItemProxy */;
		};
		DC8A6101088D79940016FAA2 /* PBXTargetDependency */ = {
			isa = PBXTargetDependency;
			target = DCFD96CE0858F4490034D83E /* TeX CM PlugIn */;
			targetProxy = DC8A6100088D79940016FAA2 /* PBXContainerItemProxy */;
		};
/* End PBXTargetDependency section */

/* Begin PBXVariantGroup section */
		DCFFA6C70855B7C900607AAA /* InfoPlist.strings */ = {
			isa = PBXVariantGroup;
			children = (
				DCFFA6C80855B7C900607AAA /* English */,
			);
			name = InfoPlist.strings;
			sourceTree = "<group>";
		};
		DCFFA6CB0855B7C900607AAA /* Localized.strings */ = {
			isa = PBXVariantGroup;
			children = (
				DCFFA6CC0855B7C900607AAA /* English */,
			);
			name = Localized.strings;
			sourceTree = "<group>";
		};
/* End PBXVariantGroup section */

/* Begin XCBuildConfiguration section */
		DC0D4ECA0AD6C39C0024D73F /* Development */ = {
			isa = XCBuildConfiguration;
			baseConfigurationReference = DC3B3DA30A4ADA1300E83ABA /* Development.xcconfig */;
			buildSettings = {
				PRODUCT_NAME = HDCrashReporter;
				SYMROOT = "$(PROJECT_DIR)/build";
			};
			name = Development;
		};
		DC0D4ECB0AD6C39C0024D73F /* Deployment */ = {
			isa = XCBuildConfiguration;
			baseConfigurationReference = DC3B3DA90A4ADA8700E83ABA /* Deployment.xcconfig */;
			buildSettings = {
				PRODUCT_NAME = HDCrashReporter;
				SYMROOT = "$(PROJECT_DIR)/build";
			};
			name = Deployment;
		};
		DC25E1D70990C51D00545F27 /* Development */ = {
			isa = XCBuildConfiguration;
			buildSettings = {
				COPY_PHASE_STRIP = NO;
				GCC_DYNAMIC_NO_PIC = NO;
				GCC_GENERATE_DEBUGGING_SYMBOLS = YES;
				GCC_OPTIMIZATION_LEVEL = 0;
				PRODUCT_NAME = TEST;
			};
			name = Development;
		};
		DC25E1D80990C51D00545F27 /* Deployment */ = {
			isa = XCBuildConfiguration;
			buildSettings = {
				COPY_PHASE_STRIP = YES;
				GCC_ENABLE_FIX_AND_CONTINUE = NO;
				GCC_GENERATE_DEBUGGING_SYMBOLS = NO;
				PRODUCT_NAME = TEST;
				ZERO_LINK = NO;
			};
			name = Deployment;
		};
		DC6BB75209474610004B0A81 /* Development */ = {
			isa = XCBuildConfiguration;
			baseConfigurationReference = DC3B3DA30A4ADA1300E83ABA /* Development.xcconfig */;
			buildSettings = {
				GCC_PRECOMPILE_PREFIX_HEADER = NO;
				GCC_PREFIX_HEADER = "";
				INFOPLIST_FILE = "iTeXMac2 CM PlugIn/TeX CM PlugIn-Info.plist";
				PRODUCT_NAME = iTeXMac2;
				WRAPPER_EXTENSION = CMPlugIn;
			};
			name = Development;
		};
		DC6BB75309474610004B0A81 /* Deployment */ = {
			isa = XCBuildConfiguration;
			baseConfigurationReference = DC3B3DA90A4ADA8700E83ABA /* Deployment.xcconfig */;
			buildSettings = {
				GCC_PRECOMPILE_PREFIX_HEADER = NO;
				GCC_PREFIX_HEADER = "";
				INFOPLIST_FILE = "iTeXMac2 CM PlugIn/TeX CM PlugIn-Info.plist";
				PRODUCT_NAME = iTeXMac2;
				WRAPPER_EXTENSION = CMPlugIn;
			};
			name = Deployment;
		};
		DC6BB76609474610004B0A81 /* Development */ = {
			isa = XCBuildConfiguration;
			baseConfigurationReference = DC3B3DA30A4ADA1300E83ABA /* Development.xcconfig */;
			buildSettings = {
				FRAMEWORK_SEARCH_PATHS = (
					"$(inherited)",
					"$(FRAMEWORK_SEARCH_PATHS_QUOTED_1)",
				);
				FRAMEWORK_SEARCH_PATHS_QUOTED_1 = "\"$(SRCROOT)/../build\"";
				INFOPLIST_FILE = "$(iTM2_INFOPLIST_FILE)";
				PRODUCT_NAME = iTeXMac2;
			};
			name = Development;
		};
		DC6BB76709474610004B0A81 /* Deployment */ = {
			isa = XCBuildConfiguration;
			baseConfigurationReference = DC3B3DA90A4ADA8700E83ABA /* Deployment.xcconfig */;
			buildSettings = {
				FRAMEWORK_SEARCH_PATHS = (
					"$(inherited)",
					"$(FRAMEWORK_SEARCH_PATHS_QUOTED_1)",
				);
				FRAMEWORK_SEARCH_PATHS_QUOTED_1 = "\"$(SRCROOT)/../build\"";
				INFOPLIST_FILE = "$(iTM2_INFOPLIST_FILE)";
				PRODUCT_NAME = iTeXMac2;
			};
			name = Deployment;
		};
		DC6BB76A09474610004B0A81 /* Development */ = {
			isa = XCBuildConfiguration;
			buildSettings = {
				COPY_PHASE_STRIP = NO;
				FRAMEWORK_SEARCH_PATHS = "$(SYMROOT)";
				GCC_ENABLE_FIX_AND_CONTINUE = YES;
				GCC_OPTIMIZATION_LEVEL = 0;
				GCC_PREPROCESSOR_DEFINITIONS = "__iTM2_DEVELOPMENT__=1";
				OBJROOT = "$(SYMROOT)";
				OTHER_CFLAGS = "";
				OTHER_REZFLAGS = "";
				PRODUCT_NAME = iTeXMac2;
				SYMROOT = "$(SRCROOT)/../build";
				WARNING_CFLAGS = (
					"-Wmost",
					"-Wno-four-char-constants",
					"-Wno-unknown-pragmas",
				);
				WRAPPER_EXTENSION = app;
				ZERO_LINK = NO;
			};
			name = Development;
		};
		DC6BB76B09474610004B0A81 /* Deployment */ = {
			isa = XCBuildConfiguration;
			buildSettings = {
				COPY_PHASE_STRIP = YES;
				FRAMEWORK_SEARCH_PATHS = "$(SYMROOT)";
				GCC_ENABLE_FIX_AND_CONTINUE = NO;
				OBJROOT = "$(SYMROOT)";
				OTHER_CFLAGS = "";
				OTHER_REZFLAGS = "";
				PRODUCT_NAME = iTeXMac2;
				SYMROOT = "$(SRCROOT)/../build";
				WARNING_CFLAGS = (
					"-Wmost",
					"-Wno-four-char-constants",
					"-Wno-unknown-pragmas",
				);
				WRAPPER_EXTENSION = app;
				ZERO_LINK = NO;
			};
			name = Deployment;
		};
		DC6BB77A09474610004B0A81 /* Development */ = {
			isa = XCBuildConfiguration;
			buildSettings = {
				COPY_PHASE_STRIP = NO;
				FRAMEWORK_SEARCH_PATHS = "$(SYMROOT)";
				GCC_ENABLE_FIX_AND_CONTINUE = YES;
				GCC_OPTIMIZATION_LEVEL = 0;
				GCC_PREPROCESSOR_DEFINITIONS = "__iTM2_DEVELOPMENT__=1";
				OBJROOT = "$(SYMROOT)";
				OTHER_CFLAGS = "";
				OTHER_LDFLAGS = "";
				OTHER_REZFLAGS = "";
				PRODUCT_NAME = All;
				SYMROOT = "$(SRCROOT)/../build";
				WARNING_CFLAGS = (
					"-Wmost",
					"-Wno-four-char-constants",
					"-Wno-unknown-pragmas",
				);
				ZERO_LINK = NO;
			};
			name = Development;
		};
		DC6BB77B09474610004B0A81 /* Deployment */ = {
			isa = XCBuildConfiguration;
			buildSettings = {
				COPY_PHASE_STRIP = YES;
				FRAMEWORK_SEARCH_PATHS = "$(SYMROOT)";
				GCC_ENABLE_FIX_AND_CONTINUE = NO;
				OBJROOT = "$(SYMROOT)";
				OTHER_CFLAGS = "";
				OTHER_LDFLAGS = "";
				OTHER_REZFLAGS = "";
				PRODUCT_NAME = All;
				SYMROOT = "$(SRCROOT)/../build";
				WARNING_CFLAGS = (
					"-Wmost",
					"-Wno-four-char-constants",
					"-Wno-unknown-pragmas",
				);
				ZERO_LINK = NO;
			};
			name = Deployment;
		};
		DC6BB77E09474610004B0A81 /* Development */ = {
			isa = XCBuildConfiguration;
			baseConfigurationReference = DC3B3DA30A4ADA1300E83ABA /* Development.xcconfig */;
			buildSettings = {
			};
			name = Development;
		};
		DC6BB77F09474610004B0A81 /* Deployment */ = {
			isa = XCBuildConfiguration;
			baseConfigurationReference = DC3B3DA90A4ADA8700E83ABA /* Deployment.xcconfig */;
			buildSettings = {
			};
			name = Deployment;
		};
		DC6BC59E0948FB40008F8188 /* Development */ = {
			isa = XCBuildConfiguration;
			baseConfigurationReference = DC3B3DA30A4ADA1300E83ABA /* Development.xcconfig */;
			buildSettings = {
				PRODUCT_NAME = "Prepare iTM2LaTeXKit";
			};
			name = Development;
		};
		DC6BC59F0948FB40008F8188 /* Deployment */ = {
			isa = XCBuildConfiguration;
			baseConfigurationReference = DC3B3DA90A4ADA8700E83ABA /* Deployment.xcconfig */;
			buildSettings = {
				PRODUCT_NAME = "Prepare iTM2LaTeXKit";
			};
			name = Deployment;
		};
		DC6BC5DB0948FCEC008F8188 /* Development */ = {
			isa = XCBuildConfiguration;
			baseConfigurationReference = DC3B3DA30A4ADA1300E83ABA /* Development.xcconfig */;
			buildSettings = {
				PRODUCT_NAME = "Prepare iTM2MetaPostKit";
			};
			name = Development;
		};
		DC6BC5DC0948FCEC008F8188 /* Deployment */ = {
			isa = XCBuildConfiguration;
			baseConfigurationReference = DC3B3DA90A4ADA8700E83ABA /* Deployment.xcconfig */;
			buildSettings = {
				PRODUCT_NAME = "Prepare iTM2MetaPostKit";
			};
			name = Deployment;
		};
		DC6BC5E60948FD59008F8188 /* Development */ = {
			isa = XCBuildConfiguration;
			baseConfigurationReference = DC3B3DA30A4ADA1300E83ABA /* Development.xcconfig */;
			buildSettings = {
				PRODUCT_NAME = "Prepare iTM2NewDocumentKit";
			};
			name = Development;
		};
		DC6BC5E70948FD59008F8188 /* Deployment */ = {
			isa = XCBuildConfiguration;
			baseConfigurationReference = DC3B3DA90A4ADA8700E83ABA /* Deployment.xcconfig */;
			buildSettings = {
				PRODUCT_NAME = "Prepare iTM2NewDocumentKit";
			};
			name = Deployment;
		};
		DC6BC5F10948FD8B008F8188 /* Development */ = {
			isa = XCBuildConfiguration;
			baseConfigurationReference = DC3B3DA30A4ADA1300E83ABA /* Development.xcconfig */;
			buildSettings = {
				PRODUCT_NAME = "Prepare iTM2ConTeXtKit";
			};
			name = Development;
		};
		DC6BC5F20948FD8B008F8188 /* Deployment */ = {
			isa = XCBuildConfiguration;
			baseConfigurationReference = DC3B3DA90A4ADA8700E83ABA /* Deployment.xcconfig */;
			buildSettings = {
				PRODUCT_NAME = "Prepare iTM2ConTeXtKit";
			};
			name = Deployment;
		};
		DC6BC66D0949099D008F8188 /* Development */ = {
			isa = XCBuildConfiguration;
			baseConfigurationReference = DC3B3DA30A4ADA1300E83ABA /* Development.xcconfig */;
			buildSettings = {
				PRODUCT_NAME = "Prepare iTM2BibTeXSupportKit";
			};
			name = Development;
		};
		DC6BC66E0949099D008F8188 /* Deployment */ = {
			isa = XCBuildConfiguration;
			baseConfigurationReference = DC3B3DA90A4ADA8700E83ABA /* Deployment.xcconfig */;
			buildSettings = {
				PRODUCT_NAME = "Prepare iTM2BibTeXSupportKit";
			};
			name = Deployment;
		};
		DCF929770948EC0F00EE2F46 /* Development */ = {
			isa = XCBuildConfiguration;
			baseConfigurationReference = DC3B3DA30A4ADA1300E83ABA /* Development.xcconfig */;
			buildSettings = {
				PRODUCT_NAME = "Prepare iTM2LaTeXSymbolsKit";
			};
			name = Development;
		};
		DCF929780948EC0F00EE2F46 /* Deployment */ = {
			isa = XCBuildConfiguration;
			baseConfigurationReference = DC3B3DA90A4ADA8700E83ABA /* Deployment.xcconfig */;
			buildSettings = {
				PRODUCT_NAME = "Prepare iTM2LaTeXSymbolsKit";
			};
			name = Deployment;
		};
/* End XCBuildConfiguration section */

/* Begin XCConfigurationList section */
		DC0D4EC90AD6C39C0024D73F /* Build configuration list for PBXNativeTarget "Prepare HDCrashReporter" */ = {
			isa = XCConfigurationList;
			buildConfigurations = (
				DC0D4ECA0AD6C39C0024D73F /* Development */,
				DC0D4ECB0AD6C39C0024D73F /* Deployment */,
			);
			defaultConfigurationIsVisible = 0;
			defaultConfigurationName = Development;
		};
		DC25E1D60990C51D00545F27 /* Build configuration list for PBXAggregateTarget "TEST" */ = {
			isa = XCConfigurationList;
			buildConfigurations = (
				DC25E1D70990C51D00545F27 /* Development */,
				DC25E1D80990C51D00545F27 /* Deployment */,
			);
			defaultConfigurationIsVisible = 0;
			defaultConfigurationName = Development;
		};
		DC6BB75109474610004B0A81 /* Build configuration list for PBXNativeTarget "TeX CM PlugIn" */ = {
			isa = XCConfigurationList;
			buildConfigurations = (
				DC6BB75209474610004B0A81 /* Development */,
				DC6BB75309474610004B0A81 /* Deployment */,
			);
			defaultConfigurationIsVisible = 0;
			defaultConfigurationName = Development;
		};
		DC6BB76509474610004B0A81 /* Build configuration list for PBXNativeTarget "iTeXMac2" */ = {
			isa = XCConfigurationList;
			buildConfigurations = (
				DC6BB76609474610004B0A81 /* Development */,
				DC6BB76709474610004B0A81 /* Deployment */,
			);
			defaultConfigurationIsVisible = 0;
			defaultConfigurationName = Development;
		};
		DC6BB76909474610004B0A81 /* Build configuration list for PBXAggregateTarget "Install iTeXMac2" */ = {
			isa = XCConfigurationList;
			buildConfigurations = (
				DC6BB76A09474610004B0A81 /* Development */,
				DC6BB76B09474610004B0A81 /* Deployment */,
			);
			defaultConfigurationIsVisible = 0;
			defaultConfigurationName = Development;
		};
		DC6BB77909474610004B0A81 /* Build configuration list for PBXAggregateTarget "All" */ = {
			isa = XCConfigurationList;
			buildConfigurations = (
				DC6BB77A09474610004B0A81 /* Development */,
				DC6BB77B09474610004B0A81 /* Deployment */,
			);
			defaultConfigurationIsVisible = 0;
			defaultConfigurationName = Development;
		};
		DC6BB77D09474610004B0A81 /* Build configuration list for PBXProject "iTeXMac2" */ = {
			isa = XCConfigurationList;
			buildConfigurations = (
				DC6BB77E09474610004B0A81 /* Development */,
				DC6BB77F09474610004B0A81 /* Deployment */,
			);
			defaultConfigurationIsVisible = 0;
			defaultConfigurationName = Development;
		};
		DC6BC59D0948FB40008F8188 /* Build configuration list for PBXNativeTarget "Prepare iTM2LaTeXKit" */ = {
			isa = XCConfigurationList;
			buildConfigurations = (
				DC6BC59E0948FB40008F8188 /* Development */,
				DC6BC59F0948FB40008F8188 /* Deployment */,
			);
			defaultConfigurationIsVisible = 0;
			defaultConfigurationName = Development;
		};
		DC6BC5DA0948FCEC008F8188 /* Build configuration list for PBXNativeTarget "Prepare iTM2MetaPostKit" */ = {
			isa = XCConfigurationList;
			buildConfigurations = (
				DC6BC5DB0948FCEC008F8188 /* Development */,
				DC6BC5DC0948FCEC008F8188 /* Deployment */,
			);
			defaultConfigurationIsVisible = 0;
			defaultConfigurationName = Development;
		};
		DC6BC5E50948FD59008F8188 /* Build configuration list for PBXNativeTarget "Prepare iTM2NewDocumentKit" */ = {
			isa = XCConfigurationList;
			buildConfigurations = (
				DC6BC5E60948FD59008F8188 /* Development */,
				DC6BC5E70948FD59008F8188 /* Deployment */,
			);
			defaultConfigurationIsVisible = 0;
			defaultConfigurationName = Development;
		};
		DC6BC5F00948FD8B008F8188 /* Build configuration list for PBXNativeTarget "Prepare iTM2ConTeXtKit" */ = {
			isa = XCConfigurationList;
			buildConfigurations = (
				DC6BC5F10948FD8B008F8188 /* Development */,
				DC6BC5F20948FD8B008F8188 /* Deployment */,
			);
			defaultConfigurationIsVisible = 0;
			defaultConfigurationName = Development;
		};
		DC6BC66C0949099D008F8188 /* Build configuration list for PBXNativeTarget "Prepare iTM2BibTeXSupportKit PlugIn" */ = {
			isa = XCConfigurationList;
			buildConfigurations = (
				DC6BC66D0949099D008F8188 /* Development */,
				DC6BC66E0949099D008F8188 /* Deployment */,
			);
			defaultConfigurationIsVisible = 0;
			defaultConfigurationName = Development;
		};
		DCF929760948EC0F00EE2F46 /* Build configuration list for PBXNativeTarget "Prepare LaTeX Symbols PlugIn" */ = {
			isa = XCConfigurationList;
			buildConfigurations = (
				DCF929770948EC0F00EE2F46 /* Development */,
				DCF929780948EC0F00EE2F46 /* Deployment */,
			);
			defaultConfigurationIsVisible = 0;
			defaultConfigurationName = Development;
		};
/* End XCConfigurationList section */
	};
	rootObject = 2A37F4A9FDCFA73011CA2CEA /* Project object */;
}
