// !$*UTF8*$!
{
	archiveVersion = 1;
	classes = {
	};
	objectVersion = 42;
	objects = {

/* Begin PBXAggregateTarget section */
		DC0EF94A094899550018276F /* Install in iTM2LaTeXKit */ = {
			isa = PBXAggregateTarget;
			buildConfigurationList = DC0EF94F0948998D0018276F /* Build configuration list for PBXAggregateTarget "Install in iTM2LaTeXKit" */;
			buildPhases = (
				DC0EF94D0948996F0018276F /* Install the engines */,
			);
			dependencies = (
			);
			name = "Install in iTM2LaTeXKit";
			productName = "Install in iTM2TeXFoundation";
		};
		DC9DC6E5094844DF0079E1B3 /* All */ = {
			isa = PBXAggregateTarget;
			buildConfigurationList = DC9DC6EC094844F00079E1B3 /* Build configuration list for PBXAggregateTarget "All" */;
			buildPhases = (
			);
			dependencies = (
				DC5D6D190949A99500EBA96C /* PBXTargetDependency */,
				DC9BC3440ABA07A000FAC59E /* PBXTargetDependency */,
				DC0EF9D609489F700018276F /* PBXTargetDependency */,
				DC0EF9D009489F700018276F /* PBXTargetDependency */,
			);
			name = All;
			productName = All;
		};
/* End PBXAggregateTarget section */

/* Begin PBXBuildFile section */
		51999E5D0D92D979004F0D09 /* iTM2EngineLaTeXInstaller.xib in Resources */ = {isa = PBXBuildFile; fileRef = 51999E5B0D92D979004F0D09 /* iTM2EngineLaTeXInstaller.xib */; };
		51999E610D92D998004F0D09 /* iTM2EngineLaTeXDocExtractor.xib in Resources */ = {isa = PBXBuildFile; fileRef = 51999E5F0D92D998004F0D09 /* iTM2EngineLaTeXDocExtractor.xib */; };
		DC0EF84F094857180018276F /* Cocoa.framework in Frameworks */ = {isa = PBXBuildFile; fileRef = DC9DC4D0094841310079E1B3 /* Cocoa.framework */; };
		DC0EF876094858030018276F /* iTM2TeXFoundation.framework in Frameworks */ = {isa = PBXBuildFile; fileRef = DC9DC4CE094841310079E1B3 /* iTM2TeXFoundation.framework */; };
		DC0EF877094858030018276F /* iTM2Foundation.framework in Frameworks */ = {isa = PBXBuildFile; fileRef = DC9DC4CD094841310079E1B3 /* iTM2Foundation.framework */; };
		DC70F4670BFC5DE6006C6A76 /* Lua.framework in Frameworks */ = {isa = PBXBuildFile; fileRef = DC70F4600BFC5DE6006C6A76 /* Lua.framework */; };
		DC70F4680BFC5DE6006C6A76 /* Lua.framework in Frameworks */ = {isa = PBXBuildFile; fileRef = DC70F4600BFC5DE6006C6A76 /* Lua.framework */; };
		DC9BC2FD0ABA054500FAC59E /* Cocoa.framework in Frameworks */ = {isa = PBXBuildFile; fileRef = DC9DC4D0094841310079E1B3 /* Cocoa.framework */; };
		DC9BC2FE0ABA054500FAC59E /* iTM2TeXFoundation.framework in Frameworks */ = {isa = PBXBuildFile; fileRef = DC9DC4CE094841310079E1B3 /* iTM2TeXFoundation.framework */; };
		DC9BC2FF0ABA054500FAC59E /* iTM2Foundation.framework in Frameworks */ = {isa = PBXBuildFile; fileRef = DC9DC4CD094841310079E1B3 /* iTM2Foundation.framework */; };
		DC9BC3000ABA054500FAC59E /* iTM2LaTeXKit.framework in Frameworks */ = {isa = PBXBuildFile; fileRef = DCE417AF0AB61CB200FB432D /* iTM2LaTeXKit.framework */; };
		DC9BC3250ABA061700FAC59E /* iTM2LaTeXDocExtractorWrapperKit.m in Sources */ = {isa = PBXBuildFile; fileRef = DC9BC3110ABA061700FAC59E /* iTM2LaTeXDocExtractorWrapperKit.m */; };
		DC9BC3260ABA061700FAC59E /* Engine.strings in Resources */ = {isa = PBXBuildFile; fileRef = DC9BC3130ABA061700FAC59E /* Engine.strings */; };
		DC9BC3300ABA06B100FAC59E /* iTM2_Engine_LaTeXDocExtractor in Copy Binaries */ = {isa = PBXBuildFile; fileRef = DC9BC30D0ABA061700FAC59E /* iTM2_Engine_LaTeXDocExtractor */; };
		DCAAE5FF0AB69FC100AE1054 /* iTM2_Engine_LaTeXInstaller in Copy Binaries */ = {isa = PBXBuildFile; fileRef = DCE417B60AB61CCF00FB432D /* iTM2_Engine_LaTeXInstaller */; };
		DCE417B20AB61CB200FB432D /* iTM2LaTeXKit.framework in Frameworks */ = {isa = PBXBuildFile; fileRef = DCE417AF0AB61CB200FB432D /* iTM2LaTeXKit.framework */; };
		DCE417CE0AB61CCF00FB432D /* iTM2LaTeXInstallerWrapperKit.m in Sources */ = {isa = PBXBuildFile; fileRef = DCE417BA0AB61CCF00FB432D /* iTM2LaTeXInstallerWrapperKit.m */; };
		DCE417CF0AB61CCF00FB432D /* Engine.strings in Resources */ = {isa = PBXBuildFile; fileRef = DCE417BC0AB61CCF00FB432D /* Engine.strings */; };
		DCE52F3C0C0F3C3800F2D5B9 /* libicucore.dylib in Frameworks */ = {isa = PBXBuildFile; fileRef = DCE52F3B0C0F3C3800F2D5B9 /* libicucore.dylib */; };
		DCE52F3D0C0F3C3800F2D5B9 /* libicucore.dylib in Frameworks */ = {isa = PBXBuildFile; fileRef = DCE52F3B0C0F3C3800F2D5B9 /* libicucore.dylib */; };
/* End PBXBuildFile section */

/* Begin PBXContainerItemProxy section */
		DC0EF9CF09489F700018276F /* PBXContainerItemProxy */ = {
			isa = PBXContainerItemProxy;
			containerPortal = DC9DC47A094840B10079E1B3 /* Project object */;
			proxyType = 1;
			remoteGlobalIDString = DC0EF94A094899550018276F;
			remoteInfo = "Install in iTM2TeXFoundation";
		};
		DC0EF9D509489F700018276F /* PBXContainerItemProxy */ = {
			isa = PBXContainerItemProxy;
			containerPortal = DC9DC47A094840B10079E1B3 /* Project object */;
			proxyType = 1;
			remoteGlobalIDString = DC0EF842094856570018276F;
			remoteInfo = "dvipdfm wrapper";
		};
		DC3865910948B03400352215 /* PBXContainerItemProxy */ = {
			isa = PBXContainerItemProxy;
			containerPortal = DC9DC47A094840B10079E1B3 /* Project object */;
			proxyType = 1;
			remoteGlobalIDString = DC9DC6E5094844DF0079E1B3;
			remoteInfo = All;
		};
		DC5D6D180949A99500EBA96C /* PBXContainerItemProxy */ = {
			isa = PBXContainerItemProxy;
			containerPortal = DC9DC47A094840B10079E1B3 /* Project object */;
			proxyType = 1;
			remoteGlobalIDString = DC5D6D0E0949A97100EBA96C;
			remoteInfo = "Prepare iTM2TeXFoundation";
		};
		DC9BC3430ABA07A000FAC59E /* PBXContainerItemProxy */ = {
			isa = PBXContainerItemProxy;
			containerPortal = DC9DC47A094840B10079E1B3 /* Project object */;
			proxyType = 1;
			remoteGlobalIDString = DC9BC2F60ABA054500FAC59E;
			remoteInfo = "LaTeX Doc Extractor";
		};
/* End PBXContainerItemProxy section */

/* Begin PBXCopyFilesBuildPhase section */
		DC0EF852094857210018276F /* Copy Binaries */ = {
			isa = PBXCopyFilesBuildPhase;
			buildActionMask = 2147483647;
			dstPath = bin;
			dstSubfolderSpec = 6;
			files = (
				DCAAE5FF0AB69FC100AE1054 /* iTM2_Engine_LaTeXInstaller in Copy Binaries */,
			);
			name = "Copy Binaries";
			runOnlyForDeploymentPostprocessing = 0;
		};
		DC9BC3010ABA054500FAC59E /* Copy Binaries */ = {
			isa = PBXCopyFilesBuildPhase;
			buildActionMask = 2147483647;
			dstPath = bin;
			dstSubfolderSpec = 6;
			files = (
				DC9BC3300ABA06B100FAC59E /* iTM2_Engine_LaTeXDocExtractor in Copy Binaries */,
			);
			name = "Copy Binaries";
			runOnlyForDeploymentPostprocessing = 0;
		};
/* End PBXCopyFilesBuildPhase section */

/* Begin PBXFileReference section */
		51999E5C0D92D979004F0D09 /* English */ = {isa = PBXFileReference; lastKnownFileType = file.xib; name = English; path = English.lproj/iTM2EngineLaTeXInstaller.xib; sourceTree = "<group>"; };
		51999E5E0D92D985004F0D09 /* French */ = {isa = PBXFileReference; lastKnownFileType = file.xib; name = French; path = French.lproj/iTM2EngineLaTeXInstaller.xib; sourceTree = "<group>"; };
		51999E600D92D998004F0D09 /* English */ = {isa = PBXFileReference; lastKnownFileType = file.xib; name = English; path = English.lproj/iTM2EngineLaTeXDocExtractor.xib; sourceTree = "<group>"; };
		51999E620D92D9A1004F0D09 /* French */ = {isa = PBXFileReference; lastKnownFileType = file.xib; name = French; path = French.lproj/iTM2EngineLaTeXDocExtractor.xib; sourceTree = "<group>"; };
		DC0EF843094856570018276F /* LaTeX Installer.iTM2 */ = {isa = PBXFileReference; explicitFileType = wrapper.cfbundle; includeInIndex = 0; path = "LaTeX Installer.iTM2"; sourceTree = BUILT_PRODUCTS_DIR; };
		DC3865890948B02100352215 /* iTeXMac2.app */ = {isa = PBXFileReference; explicitFileType = wrapper.application; includeInIndex = 0; path = iTeXMac2.app; sourceTree = BUILT_PRODUCTS_DIR; };
		DC3B416A0A4ADBA100E83ABA /* Deployment.xcconfig */ = {isa = PBXFileReference; fileEncoding = 4; lastKnownFileType = text.xcconfig; path = Deployment.xcconfig; sourceTree = "<group>"; };
		DC3B416B0A4ADBA100E83ABA /* Development.xcconfig */ = {isa = PBXFileReference; fileEncoding = 4; lastKnownFileType = text.xcconfig; path = Development.xcconfig; sourceTree = "<group>"; };
		DC5B692E0A4B679400F7DE47 /* Framework */ = {isa = PBXFileReference; fileEncoding = 4; lastKnownFileType = text; path = Framework; sourceTree = "<group>"; };
		DC5B692F0A4B679400F7DE47 /* FrameworkDeployment.xcconfig */ = {isa = PBXFileReference; fileEncoding = 4; lastKnownFileType = text.xcconfig; path = FrameworkDeployment.xcconfig; sourceTree = "<group>"; };
		DC5B69300A4B679400F7DE47 /* FrameworkDevelopment.xcconfig */ = {isa = PBXFileReference; fileEncoding = 4; lastKnownFileType = text.xcconfig; path = FrameworkDevelopment.xcconfig; sourceTree = "<group>"; };
		DC5B69310A4B679400F7DE47 /* PlugIn */ = {isa = PBXFileReference; fileEncoding = 4; lastKnownFileType = text; path = PlugIn; sourceTree = "<group>"; };
		DC5B69320A4B679400F7DE47 /* PlugInDeployment.xcconfig */ = {isa = PBXFileReference; fileEncoding = 4; lastKnownFileType = text.xcconfig; path = PlugInDeployment.xcconfig; sourceTree = "<group>"; };
		DC5B69330A4B679400F7DE47 /* PlugInDevelopment.xcconfig */ = {isa = PBXFileReference; fileEncoding = 4; lastKnownFileType = text.xcconfig; path = PlugInDevelopment.xcconfig; sourceTree = "<group>"; };
		DC5D6D0F0949A97100EBA96C /* Prepare iTM2LaTeXKit.framework */ = {isa = PBXFileReference; explicitFileType = wrapper.framework; includeInIndex = 0; path = "Prepare iTM2LaTeXKit.framework"; sourceTree = BUILT_PRODUCTS_DIR; };
		DC70F4600BFC5DE6006C6A76 /* Lua.framework */ = {isa = PBXFileReference; lastKnownFileType = wrapper.framework; name = Lua.framework; path = ../../build/Lua.framework; sourceTree = SOURCE_ROOT; };
		DC9BC3070ABA054500FAC59E /* LaTeX Doc Extractor.iTM2 */ = {isa = PBXFileReference; explicitFileType = wrapper.cfbundle; includeInIndex = 0; path = "LaTeX Doc Extractor.iTM2"; sourceTree = BUILT_PRODUCTS_DIR; };
		DC9BC30D0ABA061700FAC59E /* iTM2_Engine_LaTeXDocExtractor */ = {isa = PBXFileReference; fileEncoding = 4; lastKnownFileType = text.script.sh; path = iTM2_Engine_LaTeXDocExtractor; sourceTree = "<group>"; };
		DC9BC30E0ABA061700FAC59E /* iTM2LaTeXDocExtractorWrapper-Info.plist */ = {isa = PBXFileReference; fileEncoding = 4; lastKnownFileType = text.plist.xml; path = "iTM2LaTeXDocExtractorWrapper-Info.plist"; sourceTree = "<group>"; };
		DC9BC30F0ABA061700FAC59E /* iTM2LaTeXDocExtractorWrapper-Prefix.pch */ = {isa = PBXFileReference; fileEncoding = 4; lastKnownFileType = sourcecode.c.h; path = "iTM2LaTeXDocExtractorWrapper-Prefix.pch"; sourceTree = "<group>"; };
		DC9BC3100ABA061700FAC59E /* iTM2LaTeXDocExtractorWrapperKit.h */ = {isa = PBXFileReference; fileEncoding = 4; lastKnownFileType = sourcecode.c.h; path = iTM2LaTeXDocExtractorWrapperKit.h; sourceTree = "<group>"; };
		DC9BC3110ABA061700FAC59E /* iTM2LaTeXDocExtractorWrapperKit.m */ = {isa = PBXFileReference; fileEncoding = 4; lastKnownFileType = sourcecode.c.objc; path = iTM2LaTeXDocExtractorWrapperKit.m; sourceTree = "<group>"; };
		DC9BC3140ABA061700FAC59E /* English */ = {isa = PBXFileReference; fileEncoding = 4; lastKnownFileType = text.xml; name = English; path = English.lproj/Engine.strings; sourceTree = "<group>"; };
		DC9BC3170ABA061700FAC59E /* French */ = {isa = PBXFileReference; fileEncoding = 4; lastKnownFileType = text.xml; name = French; path = French.lproj/Engine.strings; sourceTree = "<group>"; };
		DC9DC4CD094841310079E1B3 /* iTM2Foundation.framework */ = {isa = PBXFileReference; explicitFileType = wrapper.framework; name = iTM2Foundation.framework; path = ../../build/iTM2Foundation.framework; sourceTree = SOURCE_ROOT; };
		DC9DC4CE094841310079E1B3 /* iTM2TeXFoundation.framework */ = {isa = PBXFileReference; explicitFileType = wrapper.framework; name = iTM2TeXFoundation.framework; path = ../../build/iTM2TeXFoundation.framework; sourceTree = SOURCE_ROOT; };
		DC9DC4CF094841310079E1B3 /* Carbon.framework */ = {isa = PBXFileReference; lastKnownFileType = wrapper.framework; name = Carbon.framework; path = /System/Library/Frameworks/Carbon.framework; sourceTree = "<absolute>"; };
		DC9DC4D0094841310079E1B3 /* Cocoa.framework */ = {isa = PBXFileReference; lastKnownFileType = wrapper.framework; name = Cocoa.framework; path = /System/Library/Frameworks/Cocoa.framework; sourceTree = "<absolute>"; };
		DC9DC4D1094841310079E1B3 /* PreferencePanes.framework */ = {isa = PBXFileReference; lastKnownFileType = wrapper.framework; name = PreferencePanes.framework; path = /System/Library/Frameworks/PreferencePanes.framework; sourceTree = "<absolute>"; };
		DC9DC56D0948413E0079E1B3 /* AppKit.framework */ = {isa = PBXFileReference; lastKnownFileType = wrapper.framework; name = AppKit.framework; path = /System/Library/Frameworks/AppKit.framework; sourceTree = "<absolute>"; };
		DC9DC56E0948413E0079E1B3 /* CoreData.framework */ = {isa = PBXFileReference; lastKnownFileType = wrapper.framework; name = CoreData.framework; path = /System/Library/Frameworks/CoreData.framework; sourceTree = "<absolute>"; };
		DC9DC56F0948413E0079E1B3 /* Foundation.framework */ = {isa = PBXFileReference; lastKnownFileType = wrapper.framework; name = Foundation.framework; path = /System/Library/Frameworks/Foundation.framework; sourceTree = "<absolute>"; };
		DCE417AF0AB61CB200FB432D /* iTM2LaTeXKit.framework */ = {isa = PBXFileReference; lastKnownFileType = wrapper.framework; name = iTM2LaTeXKit.framework; path = ../../build/iTM2LaTeXKit.framework; sourceTree = SOURCE_ROOT; };
		DCE417B60AB61CCF00FB432D /* iTM2_Engine_LaTeXInstaller */ = {isa = PBXFileReference; fileEncoding = 4; lastKnownFileType = text.script.sh; path = iTM2_Engine_LaTeXInstaller; sourceTree = "<group>"; };
		DCE417B70AB61CCF00FB432D /* iTM2LaTeXInstallerWrapper-Info.plist */ = {isa = PBXFileReference; fileEncoding = 4; lastKnownFileType = text.plist.xml; path = "iTM2LaTeXInstallerWrapper-Info.plist"; sourceTree = "<group>"; };
		DCE417B80AB61CCF00FB432D /* iTM2LaTeXInstallerWrapper-Prefix.pch */ = {isa = PBXFileReference; fileEncoding = 4; lastKnownFileType = sourcecode.c.h; path = "iTM2LaTeXInstallerWrapper-Prefix.pch"; sourceTree = "<group>"; };
		DCE417B90AB61CCF00FB432D /* iTM2LaTeXInstallerWrapperKit.h */ = {isa = PBXFileReference; fileEncoding = 4; lastKnownFileType = sourcecode.c.h; path = iTM2LaTeXInstallerWrapperKit.h; sourceTree = "<group>"; };
		DCE417BA0AB61CCF00FB432D /* iTM2LaTeXInstallerWrapperKit.m */ = {isa = PBXFileReference; fileEncoding = 4; lastKnownFileType = sourcecode.c.objc; path = iTM2LaTeXInstallerWrapperKit.m; sourceTree = "<group>"; };
		DCE417BD0AB61CCF00FB432D /* English */ = {isa = PBXFileReference; fileEncoding = 4; lastKnownFileType = text.xml; name = English; path = English.lproj/Engine.strings; sourceTree = "<group>"; };
		DCE417C00AB61CCF00FB432D /* French */ = {isa = PBXFileReference; fileEncoding = 4; lastKnownFileType = text.xml; name = French; path = French.lproj/Engine.strings; sourceTree = "<group>"; };
		DCE52F3B0C0F3C3800F2D5B9 /* libicucore.dylib */ = {isa = PBXFileReference; lastKnownFileType = "compiled.mach-o.dylib"; name = libicucore.dylib; path = /usr/lib/libicucore.dylib; sourceTree = "<absolute>"; };
/* End PBXFileReference section */

/* Begin PBXFrameworksBuildPhase section */
		DC0EF841094856570018276F /* Frameworks */ = {
			isa = PBXFrameworksBuildPhase;
			buildActionMask = 2147483647;
			files = (
				DC0EF84F094857180018276F /* Cocoa.framework in Frameworks */,
				DC0EF876094858030018276F /* iTM2TeXFoundation.framework in Frameworks */,
				DC0EF877094858030018276F /* iTM2Foundation.framework in Frameworks */,
				DCE417B20AB61CB200FB432D /* iTM2LaTeXKit.framework in Frameworks */,
				DC70F4680BFC5DE6006C6A76 /* Lua.framework in Frameworks */,
				DCE52F3D0C0F3C3800F2D5B9 /* libicucore.dylib in Frameworks */,
			);
			runOnlyForDeploymentPostprocessing = 0;
		};
		DC9BC2FC0ABA054500FAC59E /* Frameworks */ = {
			isa = PBXFrameworksBuildPhase;
			buildActionMask = 2147483647;
			files = (
				DC9BC2FD0ABA054500FAC59E /* Cocoa.framework in Frameworks */,
				DC9BC2FE0ABA054500FAC59E /* iTM2TeXFoundation.framework in Frameworks */,
				DC9BC2FF0ABA054500FAC59E /* iTM2Foundation.framework in Frameworks */,
				DC9BC3000ABA054500FAC59E /* iTM2LaTeXKit.framework in Frameworks */,
				DC70F4670BFC5DE6006C6A76 /* Lua.framework in Frameworks */,
				DCE52F3C0C0F3C3800F2D5B9 /* libicucore.dylib in Frameworks */,
			);
			runOnlyForDeploymentPostprocessing = 0;
		};
/* End PBXFrameworksBuildPhase section */

/* Begin PBXGroup section */
		DC3B41690A4ADBA100E83ABA /* Settings */ = {
			isa = PBXGroup;
			children = (
				DC5B692E0A4B679400F7DE47 /* Framework */,
				DC5B692F0A4B679400F7DE47 /* FrameworkDeployment.xcconfig */,
				DC5B69300A4B679400F7DE47 /* FrameworkDevelopment.xcconfig */,
				DC5B69310A4B679400F7DE47 /* PlugIn */,
				DC5B69320A4B679400F7DE47 /* PlugInDeployment.xcconfig */,
				DC5B69330A4B679400F7DE47 /* PlugInDevelopment.xcconfig */,
				DC3B416A0A4ADBA100E83ABA /* Deployment.xcconfig */,
				DC3B416B0A4ADBA100E83ABA /* Development.xcconfig */,
			);
			name = Settings;
			path = ../../Settings;
			sourceTree = SOURCE_ROOT;
		};
		DC9BC30C0ABA061700FAC59E /* LaTeX Doc Extractor */ = {
			isa = PBXGroup;
			children = (
				DC9BC30D0ABA061700FAC59E /* iTM2_Engine_LaTeXDocExtractor */,
				DC9BC30E0ABA061700FAC59E /* iTM2LaTeXDocExtractorWrapper-Info.plist */,
				DC9BC30F0ABA061700FAC59E /* iTM2LaTeXDocExtractorWrapper-Prefix.pch */,
				DC9BC3100ABA061700FAC59E /* iTM2LaTeXDocExtractorWrapperKit.h */,
				DC9BC3110ABA061700FAC59E /* iTM2LaTeXDocExtractorWrapperKit.m */,
				DC9BC3120ABA061700FAC59E /* Resources */,
			);
			path = "LaTeX Doc Extractor";
			sourceTree = "<group>";
		};
		DC9BC3120ABA061700FAC59E /* Resources */ = {
			isa = PBXGroup;
			children = (
				51999E5F0D92D998004F0D09 /* iTM2EngineLaTeXDocExtractor.xib */,
				DC9BC3130ABA061700FAC59E /* Engine.strings */,
			);
			path = Resources;
			sourceTree = "<group>";
		};
		DC9DC478094840B10079E1B3 = {
			isa = PBXGroup;
			children = (
				DCE417B50AB61CCF00FB432D /* LaTeX Installer */,
				DC9BC30C0ABA061700FAC59E /* LaTeX Doc Extractor */,
				DC9DC4C8094840ED0079E1B3 /* External Frameworks and Libraries */,
				DC9DC4CB0948410C0079E1B3 /* Products */,
				DC3B41690A4ADBA100E83ABA /* Settings */,
			);
			sourceTree = "<group>";
		};
		DC9DC4C8094840ED0079E1B3 /* External Frameworks and Libraries */ = {
			isa = PBXGroup;
			children = (
				DC9DC4CC094841310079E1B3 /* Linked Frameworks */,
				DC9DC56C0948413E0079E1B3 /* Other Frameworks */,
			);
			name = "External Frameworks and Libraries";
			sourceTree = "<group>";
		};
		DC9DC4CB0948410C0079E1B3 /* Products */ = {
			isa = PBXGroup;
			children = (
				DC0EF843094856570018276F /* LaTeX Installer.iTM2 */,
				DC3865890948B02100352215 /* iTeXMac2.app */,
				DC5D6D0F0949A97100EBA96C /* Prepare iTM2LaTeXKit.framework */,
				DC9BC3070ABA054500FAC59E /* LaTeX Doc Extractor.iTM2 */,
			);
			name = Products;
			sourceTree = "<group>";
		};
		DC9DC4CC094841310079E1B3 /* Linked Frameworks */ = {
			isa = PBXGroup;
			children = (
				DCE52F3B0C0F3C3800F2D5B9 /* libicucore.dylib */,
				DC70F4600BFC5DE6006C6A76 /* Lua.framework */,
				DC9DC4CD094841310079E1B3 /* iTM2Foundation.framework */,
				DC9DC4CE094841310079E1B3 /* iTM2TeXFoundation.framework */,
				DCE417AF0AB61CB200FB432D /* iTM2LaTeXKit.framework */,
				DC9DC4CF094841310079E1B3 /* Carbon.framework */,
				DC9DC4D0094841310079E1B3 /* Cocoa.framework */,
				DC9DC4D1094841310079E1B3 /* PreferencePanes.framework */,
			);
			name = "Linked Frameworks";
			sourceTree = "<group>";
		};
		DC9DC56C0948413E0079E1B3 /* Other Frameworks */ = {
			isa = PBXGroup;
			children = (
				DC9DC56D0948413E0079E1B3 /* AppKit.framework */,
				DC9DC56E0948413E0079E1B3 /* CoreData.framework */,
				DC9DC56F0948413E0079E1B3 /* Foundation.framework */,
			);
			name = "Other Frameworks";
			sourceTree = "<group>";
		};
		DCE417B50AB61CCF00FB432D /* LaTeX Installer */ = {
			isa = PBXGroup;
			children = (
				DCE417B60AB61CCF00FB432D /* iTM2_Engine_LaTeXInstaller */,
				DCE417B70AB61CCF00FB432D /* iTM2LaTeXInstallerWrapper-Info.plist */,
				DCE417B80AB61CCF00FB432D /* iTM2LaTeXInstallerWrapper-Prefix.pch */,
				DCE417B90AB61CCF00FB432D /* iTM2LaTeXInstallerWrapperKit.h */,
				DCE417BA0AB61CCF00FB432D /* iTM2LaTeXInstallerWrapperKit.m */,
				DCE417BB0AB61CCF00FB432D /* Resources */,
			);
			path = "LaTeX Installer";
			sourceTree = "<group>";
		};
		DCE417BB0AB61CCF00FB432D /* Resources */ = {
			isa = PBXGroup;
			children = (
				51999E5B0D92D979004F0D09 /* iTM2EngineLaTeXInstaller.xib */,
				DCE417BC0AB61CCF00FB432D /* Engine.strings */,
			);
			path = Resources;
			sourceTree = "<group>";
		};
/* End PBXGroup section */

/* Begin PBXNativeTarget section */
		DC0EF842094856570018276F /* LaTeX Installer */ = {
			isa = PBXNativeTarget;
			buildConfigurationList = DC0EF845094856580018276F /* Build configuration list for PBXNativeTarget "LaTeX Installer" */;
			buildPhases = (
				DC0EF83F094856570018276F /* Resources */,
				DC0EF840094856570018276F /* Sources */,
				DC0EF841094856570018276F /* Frameworks */,
				DC0EF852094857210018276F /* Copy Binaries */,
				DC5899EF09D53F4200E8F33C /* Expand compressed resources */,
			);
			buildRules = (
			);
			dependencies = (
			);
			name = "LaTeX Installer";
			productName = "dvipdfm wrapper";
			productReference = DC0EF843094856570018276F /* LaTeX Installer.iTM2 */;
			productType = "com.apple.product-type.bundle";
		};
		DC3865880948B02100352215 /* build iTeXMac2 */ = {
			isa = PBXNativeTarget;
			buildConfigurationList = DC38658C0948B02100352215 /* Build configuration list for PBXNativeTarget "build iTeXMac2" */;
			buildPhases = (
				DC3865930948B04000352215 /* Really build iTeXMac2 */,
			);
			buildRules = (
			);
			dependencies = (
				DC3865920948B03400352215 /* PBXTargetDependency */,
			);
			name = "build iTeXMac2";
			productName = "build iTeXMac2";
			productReference = DC3865890948B02100352215 /* iTeXMac2.app */;
			productType = "com.apple.product-type.application";
		};
		DC5D6D0E0949A97100EBA96C /* Prepare iTM2LaTeXKit */ = {
			isa = PBXNativeTarget;
			buildConfigurationList = DC5D6D110949A97100EBA96C /* Build configuration list for PBXNativeTarget "Prepare iTM2LaTeXKit" */;
			buildPhases = (
				DC5D6D140949A97E00EBA96C /* Synchronize */,
			);
			buildRules = (
			);
			dependencies = (
			);
			name = "Prepare iTM2LaTeXKit";
			productName = "Prepare iTM2TeXFoundation";
			productReference = DC5D6D0F0949A97100EBA96C /* Prepare iTM2LaTeXKit.framework */;
			productType = "com.apple.product-type.framework";
		};
		DC9BC2F60ABA054500FAC59E /* LaTeX Doc Extractor */ = {
			isa = PBXNativeTarget;
			buildConfigurationList = DC9BC3040ABA054500FAC59E /* Build configuration list for PBXNativeTarget "LaTeX Doc Extractor" */;
			buildPhases = (
				DC9BC2F70ABA054500FAC59E /* Resources */,
				DC9BC2FA0ABA054500FAC59E /* Sources */,
				DC9BC2FC0ABA054500FAC59E /* Frameworks */,
				DC9BC3010ABA054500FAC59E /* Copy Binaries */,
				DC9BC3030ABA054500FAC59E /* Expand compressed resources */,
			);
			buildRules = (
			);
			dependencies = (
			);
			name = "LaTeX Doc Extractor";
			productName = "dvipdfm wrapper";
			productReference = DC9BC3070ABA054500FAC59E /* LaTeX Doc Extractor.iTM2 */;
			productType = "com.apple.product-type.bundle";
		};
/* End PBXNativeTarget section */

/* Begin PBXProject section */
		DC9DC47A094840B10079E1B3 /* Project object */ = {
			isa = PBXProject;
			buildConfigurationList = DC9DC47B094840B10079E1B3 /* Build configuration list for PBXProject "iTM2LaTeXKitEngines" */;
			compatibilityVersion = "Xcode 2.4";
			hasScannedForEncodings = 0;
			mainGroup = DC9DC478094840B10079E1B3;
			projectDirPath = "";
			projectRoot = "";
			targets = (
				DC5D6D0E0949A97100EBA96C /* Prepare iTM2LaTeXKit */,
				DC0EF842094856570018276F /* LaTeX Installer */,
				DC9BC2F60ABA054500FAC59E /* LaTeX Doc Extractor */,
				DC0EF94A094899550018276F /* Install in iTM2LaTeXKit */,
				DC9DC6E5094844DF0079E1B3 /* All */,
				DC3865880948B02100352215 /* build iTeXMac2 */,
			);
		};
/* End PBXProject section */

/* Begin PBXResourcesBuildPhase section */
		DC0EF83F094856570018276F /* Resources */ = {
			isa = PBXResourcesBuildPhase;
			buildActionMask = 2147483647;
			files = (
				DCE417CF0AB61CCF00FB432D /* Engine.strings in Resources */,
				51999E5D0D92D979004F0D09 /* iTM2EngineLaTeXInstaller.xib in Resources */,
			);
			runOnlyForDeploymentPostprocessing = 0;
		};
		DC9BC2F70ABA054500FAC59E /* Resources */ = {
			isa = PBXResourcesBuildPhase;
			buildActionMask = 2147483647;
			files = (
				DC9BC3260ABA061700FAC59E /* Engine.strings in Resources */,
				51999E610D92D998004F0D09 /* iTM2EngineLaTeXDocExtractor.xib in Resources */,
			);
			runOnlyForDeploymentPostprocessing = 0;
		};
/* End PBXResourcesBuildPhase section */

/* Begin PBXShellScriptBuildPhase section */
		DC0EF94D0948996F0018276F /* Install the engines */ = {
			isa = PBXShellScriptBuildPhase;
			buildActionMask = 2147483647;
			files = (
			);
			inputPaths = (
			);
			name = "Install the engines";
			outputPaths = (
			);
			runOnlyForDeploymentPostprocessing = 0;
			shellPath = /bin/sh;
			shellScript = ../../Scripts/iTM2InstallEnginesInParent.sh;
		};
		DC3865930948B04000352215 /* Really build iTeXMac2 */ = {
			isa = PBXShellScriptBuildPhase;
			buildActionMask = 2147483647;
			files = (
			);
			inputPaths = (
			);
			name = "Really build iTeXMac2";
			outputPaths = (
			);
			runOnlyForDeploymentPostprocessing = 0;
			shellPath = /bin/sh;
			shellScript = "../Scripts/iTM2BuildiTeXMac2.sh\n";
		};
		DC5899EF09D53F4200E8F33C /* Expand compressed resources */ = {
			isa = PBXShellScriptBuildPhase;
			buildActionMask = 2147483647;
			files = (
			);
			inputPaths = (
			);
			name = "Expand compressed resources";
			outputPaths = (
			);
			runOnlyForDeploymentPostprocessing = 0;
			shellPath = /bin/sh;
			shellScript = "../../Scripts/iTM2BuildPhaseExpandResources.pl\n";
		};
		DC5D6D140949A97E00EBA96C /* Synchronize */ = {
			isa = PBXShellScriptBuildPhase;
			buildActionMask = 2147483647;
			files = (
			);
			inputPaths = (
			);
			name = Synchronize;
			outputPaths = (
			);
			runOnlyForDeploymentPostprocessing = 0;
			shellPath = /bin/sh;
			shellScript = "../../Scripts/iTM2SynchronizeFramework.sh iTM2LaTeXKit\n\n";
		};
		DC9BC3030ABA054500FAC59E /* Expand compressed resources */ = {
			isa = PBXShellScriptBuildPhase;
			buildActionMask = 2147483647;
			files = (
			);
			inputPaths = (
			);
			name = "Expand compressed resources";
			outputPaths = (
			);
			runOnlyForDeploymentPostprocessing = 0;
			shellPath = /bin/sh;
			shellScript = "../../Scripts/iTM2BuildPhaseExpandResources.pl\n";
		};
/* End PBXShellScriptBuildPhase section */

/* Begin PBXSourcesBuildPhase section */
		DC0EF840094856570018276F /* Sources */ = {
			isa = PBXSourcesBuildPhase;
			buildActionMask = 2147483647;
			files = (
				DCE417CE0AB61CCF00FB432D /* iTM2LaTeXInstallerWrapperKit.m in Sources */,
			);
			runOnlyForDeploymentPostprocessing = 0;
		};
		DC9BC2FA0ABA054500FAC59E /* Sources */ = {
			isa = PBXSourcesBuildPhase;
			buildActionMask = 2147483647;
			files = (
				DC9BC3250ABA061700FAC59E /* iTM2LaTeXDocExtractorWrapperKit.m in Sources */,
			);
			runOnlyForDeploymentPostprocessing = 0;
		};
/* End PBXSourcesBuildPhase section */

/* Begin PBXTargetDependency section */
		DC0EF9D009489F700018276F /* PBXTargetDependency */ = {
			isa = PBXTargetDependency;
			target = DC0EF94A094899550018276F /* Install in iTM2LaTeXKit */;
			targetProxy = DC0EF9CF09489F700018276F /* PBXContainerItemProxy */;
		};
		DC0EF9D609489F700018276F /* PBXTargetDependency */ = {
			isa = PBXTargetDependency;
			target = DC0EF842094856570018276F /* LaTeX Installer */;
			targetProxy = DC0EF9D509489F700018276F /* PBXContainerItemProxy */;
		};
		DC3865920948B03400352215 /* PBXTargetDependency */ = {
			isa = PBXTargetDependency;
			target = DC9DC6E5094844DF0079E1B3 /* All */;
			targetProxy = DC3865910948B03400352215 /* PBXContainerItemProxy */;
		};
		DC5D6D190949A99500EBA96C /* PBXTargetDependency */ = {
			isa = PBXTargetDependency;
			target = DC5D6D0E0949A97100EBA96C /* Prepare iTM2LaTeXKit */;
			targetProxy = DC5D6D180949A99500EBA96C /* PBXContainerItemProxy */;
		};
		DC9BC3440ABA07A000FAC59E /* PBXTargetDependency */ = {
			isa = PBXTargetDependency;
			target = DC9BC2F60ABA054500FAC59E /* LaTeX Doc Extractor */;
			targetProxy = DC9BC3430ABA07A000FAC59E /* PBXContainerItemProxy */;
		};
/* End PBXTargetDependency section */

/* Begin PBXVariantGroup section */
		51999E5B0D92D979004F0D09 /* iTM2EngineLaTeXInstaller.xib */ = {
			isa = PBXVariantGroup;
			children = (
				51999E5C0D92D979004F0D09 /* English */,
				51999E5E0D92D985004F0D09 /* French */,
			);
			name = iTM2EngineLaTeXInstaller.xib;
			sourceTree = "<group>";
		};
		51999E5F0D92D998004F0D09 /* iTM2EngineLaTeXDocExtractor.xib */ = {
			isa = PBXVariantGroup;
			children = (
				51999E600D92D998004F0D09 /* English */,
				51999E620D92D9A1004F0D09 /* French */,
			);
			name = iTM2EngineLaTeXDocExtractor.xib;
			sourceTree = "<group>";
		};
		DC9BC3130ABA061700FAC59E /* Engine.strings */ = {
			isa = PBXVariantGroup;
			children = (
				DC9BC3140ABA061700FAC59E /* English */,
				DC9BC3170ABA061700FAC59E /* French */,
			);
			name = Engine.strings;
			sourceTree = "<group>";
		};
		DCE417BC0AB61CCF00FB432D /* Engine.strings */ = {
			isa = PBXVariantGroup;
			children = (
				DCE417BD0AB61CCF00FB432D /* English */,
				DCE417C00AB61CCF00FB432D /* French */,
			);
			name = Engine.strings;
			sourceTree = "<group>";
		};
/* End PBXVariantGroup section */

/* Begin XCBuildConfiguration section */
		DC0EF846094856580018276F /* Development */ = {
			isa = XCBuildConfiguration;
			baseConfigurationReference = DC5B69330A4B679400F7DE47 /* PlugInDevelopment.xcconfig */;
			buildSettings = {
				FRAMEWORK_SEARCH_PATHS = (
					"$(inherited)",
					"$(FRAMEWORK_SEARCH_PATHS_QUOTED_1)",
					"$(FRAMEWORK_SEARCH_PATHS_QUOTED_2)",
				);
				FRAMEWORK_SEARCH_PATHS_QUOTED_1 = "\"$(SRCROOT)/../../build\"";
				FRAMEWORK_SEARCH_PATHS_QUOTED_2 = "\"$(SRCROOT)/../../build\"";
				GCC_PREFIX_HEADER = "LaTeX Installer/iTM2LaTeXInstallerWrapper-Prefix.pch";
				INFOPLIST_FILE = "LaTeX Installer/iTM2LaTeXInstallerWrapper-Info.plist";
				INFOPLIST_PREFIX_HEADER = ../../build/INFOPLIST_PREFIX_HEADER;
				PRODUCT_NAME = "LaTeX Installer";
			};
			name = Development;
		};
		DC0EF847094856580018276F /* Deployment */ = {
			isa = XCBuildConfiguration;
			baseConfigurationReference = DC5B69320A4B679400F7DE47 /* PlugInDeployment.xcconfig */;
			buildSettings = {
				FRAMEWORK_SEARCH_PATHS = (
					"$(inherited)",
					"$(FRAMEWORK_SEARCH_PATHS_QUOTED_1)",
					"$(FRAMEWORK_SEARCH_PATHS_QUOTED_2)",
				);
				FRAMEWORK_SEARCH_PATHS_QUOTED_1 = "\"$(SRCROOT)/../../build\"";
				FRAMEWORK_SEARCH_PATHS_QUOTED_2 = "\"$(SRCROOT)/../../build\"";
				GCC_PREFIX_HEADER = "LaTeX Installer/iTM2LaTeXInstallerWrapper-Prefix.pch";
				INFOPLIST_FILE = "LaTeX Installer/iTM2LaTeXInstallerWrapper-Info.plist";
				INFOPLIST_PREFIX_HEADER = ../../build/INFOPLIST_PREFIX_HEADER;
				PRODUCT_NAME = "LaTeX Installer";
			};
			name = Deployment;
		};
		DC0EF9500948998D0018276F /* Development */ = {
			isa = XCBuildConfiguration;
			buildSettings = {
				COPY_PHASE_STRIP = NO;
				GCC_DYNAMIC_NO_PIC = NO;
				GCC_GENERATE_DEBUGGING_SYMBOLS = YES;
				GCC_OPTIMIZATION_LEVEL = 0;
				PRODUCT_NAME = "Install in iTM2TeXFoundation";
			};
			name = Development;
		};
		DC0EF9510948998D0018276F /* Deployment */ = {
			isa = XCBuildConfiguration;
			buildSettings = {
				COPY_PHASE_STRIP = YES;
				GCC_ENABLE_FIX_AND_CONTINUE = NO;
				GCC_GENERATE_DEBUGGING_SYMBOLS = NO;
				PRODUCT_NAME = "Install in iTM2TeXFoundation";
				ZERO_LINK = NO;
			};
			name = Deployment;
		};
		DC38658D0948B02100352215 /* Development */ = {
			isa = XCBuildConfiguration;
			baseConfigurationReference = DC3B416B0A4ADBA100E83ABA /* Development.xcconfig */;
			buildSettings = {
				PRODUCT_NAME = iTeXMac2;
				WRAPPER_EXTENSION = app;
			};
			name = Development;
		};
		DC38658E0948B02100352215 /* Deployment */ = {
			isa = XCBuildConfiguration;
			baseConfigurationReference = DC3B416A0A4ADBA100E83ABA /* Deployment.xcconfig */;
			buildSettings = {
				PRODUCT_NAME = iTeXMac2;
				WRAPPER_EXTENSION = app;
			};
			name = Deployment;
		};
		DC5D6D120949A97100EBA96C /* Development */ = {
			isa = XCBuildConfiguration;
			buildSettings = {
				PRODUCT_NAME = "Prepare iTM2LaTeXKit";
				WRAPPER_EXTENSION = framework;
				iTM2_INFOPLIST_FILE = "";
			};
			name = Development;
		};
		DC5D6D130949A97100EBA96C /* Deployment */ = {
			isa = XCBuildConfiguration;
			baseConfigurationReference = DC3B416A0A4ADBA100E83ABA /* Deployment.xcconfig */;
			buildSettings = {
				PRODUCT_NAME = "Prepare iTM2LaTeXKit";
				WRAPPER_EXTENSION = framework;
				iTM2_INFOPLIST_FILE = "";
			};
			name = Deployment;
		};
		DC9BC3050ABA054500FAC59E /* Development */ = {
			isa = XCBuildConfiguration;
			baseConfigurationReference = DC5B69330A4B679400F7DE47 /* PlugInDevelopment.xcconfig */;
			buildSettings = {
				FRAMEWORK_SEARCH_PATHS = (
					"$(inherited)",
					"$(FRAMEWORK_SEARCH_PATHS_QUOTED_1)",
					"$(FRAMEWORK_SEARCH_PATHS_QUOTED_2)",
				);
				FRAMEWORK_SEARCH_PATHS_QUOTED_1 = "\"$(SRCROOT)/../../build\"";
				FRAMEWORK_SEARCH_PATHS_QUOTED_2 = "\"$(SRCROOT)/../../build\"";
				GCC_PREFIX_HEADER = "LaTeX Doc Extractor/iTM2LaTeXDocExtractorWrapper-Prefix.pch";
				INFOPLIST_FILE = "LaTeX Doc Extractor/iTM2LaTeXDocExtractorWrapper-Info.plist";
				INFOPLIST_PREFIX_HEADER = ../../build/INFOPLIST_PREFIX_HEADER;
				PRODUCT_NAME = "LaTeX Doc Extractor";
			};
			name = Development;
		};
		DC9BC3060ABA054500FAC59E /* Deployment */ = {
			isa = XCBuildConfiguration;
			buildSettings = {
				FRAMEWORK_SEARCH_PATHS = (
					"$(inherited)",
					"$(FRAMEWORK_SEARCH_PATHS_QUOTED_1)",
					"$(FRAMEWORK_SEARCH_PATHS_QUOTED_2)",
				);
				FRAMEWORK_SEARCH_PATHS_QUOTED_1 = "\"$(SRCROOT)/../../build\"";
				FRAMEWORK_SEARCH_PATHS_QUOTED_2 = "\"$(SRCROOT)/../../build\"";
				GCC_PREFIX_HEADER = "LaTeX Doc Extractor/iTM2LaTeXDocExtractorWrapper-Prefix.pch";
				INFOPLIST_FILE = "LaTeX Doc Extractor/iTM2LaTeXDocExtractorWrapper-Info.plist";
				INFOPLIST_PREFIX_HEADER = ../../build/INFOPLIST_PREFIX_HEADER;
				PRODUCT_NAME = "LaTeX Doc Extractor";
			};
			name = Deployment;
		};
		DC9DC47C094840B10079E1B3 /* Development */ = {
			isa = XCBuildConfiguration;
			baseConfigurationReference = DC5B69330A4B679400F7DE47 /* PlugInDevelopment.xcconfig */;
			buildSettings = {
				FRAMEWORK_SEARCH_PATHS = (
					"$(SYMROOT)",
					"$(PROJECT_DIR)/../../build",
				);
				SYMROOT = build;
			};
			name = Development;
		};
		DC9DC47D094840B10079E1B3 /* Deployment */ = {
			isa = XCBuildConfiguration;
			baseConfigurationReference = DC5B69320A4B679400F7DE47 /* PlugInDeployment.xcconfig */;
			buildSettings = {
				FRAMEWORK_SEARCH_PATHS = (
					"$(SYMROOT)",
					"$(PROJECT_DIR)/../../build",
				);
				SYMROOT = build;
			};
			name = Deployment;
		};
		DC9DC6ED094844F00079E1B3 /* Development */ = {
			isa = XCBuildConfiguration;
			buildSettings = {
				COPY_PHASE_STRIP = NO;
				GCC_DYNAMIC_NO_PIC = NO;
				GCC_GENERATE_DEBUGGING_SYMBOLS = YES;
				GCC_OPTIMIZATION_LEVEL = 0;
				PRODUCT_NAME = All;
			};
			name = Development;
		};
		DC9DC6EE094844F00079E1B3 /* Deployment */ = {
			isa = XCBuildConfiguration;
			buildSettings = {
				COPY_PHASE_STRIP = YES;
				GCC_ENABLE_FIX_AND_CONTINUE = NO;
				GCC_GENERATE_DEBUGGING_SYMBOLS = NO;
				PRODUCT_NAME = All;
				ZERO_LINK = NO;
			};
			name = Deployment;
		};
/* End XCBuildConfiguration section */

/* Begin XCConfigurationList section */
		DC0EF845094856580018276F /* Build configuration list for PBXNativeTarget "LaTeX Installer" */ = {
			isa = XCConfigurationList;
			buildConfigurations = (
				DC0EF846094856580018276F /* Development */,
				DC0EF847094856580018276F /* Deployment */,
			);
			defaultConfigurationIsVisible = 0;
			defaultConfigurationName = Deployment;
		};
		DC0EF94F0948998D0018276F /* Build configuration list for PBXAggregateTarget "Install in iTM2LaTeXKit" */ = {
			isa = XCConfigurationList;
			buildConfigurations = (
				DC0EF9500948998D0018276F /* Development */,
				DC0EF9510948998D0018276F /* Deployment */,
			);
			defaultConfigurationIsVisible = 0;
			defaultConfigurationName = Deployment;
		};
		DC38658C0948B02100352215 /* Build configuration list for PBXNativeTarget "build iTeXMac2" */ = {
			isa = XCConfigurationList;
			buildConfigurations = (
				DC38658D0948B02100352215 /* Development */,
				DC38658E0948B02100352215 /* Deployment */,
			);
			defaultConfigurationIsVisible = 0;
			defaultConfigurationName = Deployment;
		};
		DC5D6D110949A97100EBA96C /* Build configuration list for PBXNativeTarget "Prepare iTM2LaTeXKit" */ = {
			isa = XCConfigurationList;
			buildConfigurations = (
				DC5D6D120949A97100EBA96C /* Development */,
				DC5D6D130949A97100EBA96C /* Deployment */,
			);
			defaultConfigurationIsVisible = 0;
			defaultConfigurationName = Deployment;
		};
		DC9BC3040ABA054500FAC59E /* Build configuration list for PBXNativeTarget "LaTeX Doc Extractor" */ = {
			isa = XCConfigurationList;
			buildConfigurations = (
				DC9BC3050ABA054500FAC59E /* Development */,
				DC9BC3060ABA054500FAC59E /* Deployment */,
			);
			defaultConfigurationIsVisible = 0;
			defaultConfigurationName = Deployment;
		};
		DC9DC47B094840B10079E1B3 /* Build configuration list for PBXProject "iTM2LaTeXKitEngines" */ = {
			isa = XCConfigurationList;
			buildConfigurations = (
				DC9DC47C094840B10079E1B3 /* Development */,
				DC9DC47D094840B10079E1B3 /* Deployment */,
			);
			defaultConfigurationIsVisible = 0;
			defaultConfigurationName = Deployment;
		};
		DC9DC6EC094844F00079E1B3 /* Build configuration list for PBXAggregateTarget "All" */ = {
			isa = XCConfigurationList;
			buildConfigurations = (
				DC9DC6ED094844F00079E1B3 /* Development */,
				DC9DC6EE094844F00079E1B3 /* Deployment */,
			);
			defaultConfigurationIsVisible = 0;
			defaultConfigurationName = Deployment;
		};
/* End XCConfigurationList section */
	};
	rootObject = DC9DC47A094840B10079E1B3 /* Project object */;
}
